// !$*UTF8*$!
{
	archiveVersion = 1;
	classes = {
	};
	objectVersion = 56;
	objects = {

/* Begin PBXBuildFile section */
		2F13BD02299EF84D006C3148 /* AppDelegate.swift in Sources */ = {isa = PBXBuildFile; fileRef = 2F13BD01299EF84D006C3148 /* AppDelegate.swift */; };
		2F13BD04299EF84D006C3148 /* SceneDelegate.swift in Sources */ = {isa = PBXBuildFile; fileRef = 2F13BD03299EF84D006C3148 /* SceneDelegate.swift */; };
		2F13BD06299EF84D006C3148 /* ViewController.swift in Sources */ = {isa = PBXBuildFile; fileRef = 2F13BD05299EF84D006C3148 /* ViewController.swift */; };
		2F13BD09299EF84D006C3148 /* Main.storyboard in Resources */ = {isa = PBXBuildFile; fileRef = 2F13BD07299EF84D006C3148 /* Main.storyboard */; };
		2F13BD0B299EF84E006C3148 /* Assets.xcassets in Resources */ = {isa = PBXBuildFile; fileRef = 2F13BD0A299EF84E006C3148 /* Assets.xcassets */; };
		2F13BD0E299EF84E006C3148 /* LaunchScreen.storyboard in Resources */ = {isa = PBXBuildFile; fileRef = 2F13BD0C299EF84E006C3148 /* LaunchScreen.storyboard */; };
		2F13BD19299EF84E006C3148 /* RickMortyAppTests.swift in Sources */ = {isa = PBXBuildFile; fileRef = 2F13BD18299EF84E006C3148 /* RickMortyAppTests.swift */; };
		2F13BD23299EF84E006C3148 /* RickMortyAppUITests.swift in Sources */ = {isa = PBXBuildFile; fileRef = 2F13BD22299EF84E006C3148 /* RickMortyAppUITests.swift */; };
		2F13BD25299EF84E006C3148 /* RickMortyAppUITestsLaunchTests.swift in Sources */ = {isa = PBXBuildFile; fileRef = 2F13BD24299EF84E006C3148 /* RickMortyAppUITestsLaunchTests.swift */; };
/* End PBXBuildFile section */

/* Begin PBXContainerItemProxy section */
		2F13BD15299EF84E006C3148 /* PBXContainerItemProxy */ = {
			isa = PBXContainerItemProxy;
			containerPortal = 2F13BCF6299EF84D006C3148 /* Project object */;
			proxyType = 1;
			remoteGlobalIDString = 2F13BCFD299EF84D006C3148;
			remoteInfo = RickMortyApp;
		};
		2F13BD1F299EF84E006C3148 /* PBXContainerItemProxy */ = {
			isa = PBXContainerItemProxy;
			containerPortal = 2F13BCF6299EF84D006C3148 /* Project object */;
			proxyType = 1;
			remoteGlobalIDString = 2F13BCFD299EF84D006C3148;
			remoteInfo = RickMortyApp;
		};
/* End PBXContainerItemProxy section */

/* Begin PBXFileReference section */
		2F13BCFE299EF84D006C3148 /* RickMortyApp.app */ = {isa = PBXFileReference; explicitFileType = wrapper.application; includeInIndex = 0; path = RickMortyApp.app; sourceTree = BUILT_PRODUCTS_DIR; };
		2F13BD01299EF84D006C3148 /* AppDelegate.swift */ = {isa = PBXFileReference; lastKnownFileType = sourcecode.swift; path = AppDelegate.swift; sourceTree = "<group>"; };
		2F13BD03299EF84D006C3148 /* SceneDelegate.swift */ = {isa = PBXFileReference; lastKnownFileType = sourcecode.swift; path = SceneDelegate.swift; sourceTree = "<group>"; };
		2F13BD05299EF84D006C3148 /* ViewController.swift */ = {isa = PBXFileReference; lastKnownFileType = sourcecode.swift; path = ViewController.swift; sourceTree = "<group>"; };
		2F13BD08299EF84D006C3148 /* Base */ = {isa = PBXFileReference; lastKnownFileType = file.storyboard; name = Base; path = Base.lproj/Main.storyboard; sourceTree = "<group>"; };
		2F13BD0A299EF84E006C3148 /* Assets.xcassets */ = {isa = PBXFileReference; lastKnownFileType = folder.assetcatalog; path = Assets.xcassets; sourceTree = "<group>"; };
		2F13BD0D299EF84E006C3148 /* Base */ = {isa = PBXFileReference; lastKnownFileType = file.storyboard; name = Base; path = Base.lproj/LaunchScreen.storyboard; sourceTree = "<group>"; };
		2F13BD0F299EF84E006C3148 /* Info.plist */ = {isa = PBXFileReference; lastKnownFileType = text.plist.xml; path = Info.plist; sourceTree = "<group>"; };
		2F13BD14299EF84E006C3148 /* RickMortyAppTests.xctest */ = {isa = PBXFileReference; explicitFileType = wrapper.cfbundle; includeInIndex = 0; path = RickMortyAppTests.xctest; sourceTree = BUILT_PRODUCTS_DIR; };
		2F13BD18299EF84E006C3148 /* RickMortyAppTests.swift */ = {isa = PBXFileReference; lastKnownFileType = sourcecode.swift; path = RickMortyAppTests.swift; sourceTree = "<group>"; };
		2F13BD1E299EF84E006C3148 /* RickMortyAppUITests.xctest */ = {isa = PBXFileReference; explicitFileType = wrapper.cfbundle; includeInIndex = 0; path = RickMortyAppUITests.xctest; sourceTree = BUILT_PRODUCTS_DIR; };
		2F13BD22299EF84E006C3148 /* RickMortyAppUITests.swift */ = {isa = PBXFileReference; lastKnownFileType = sourcecode.swift; path = RickMortyAppUITests.swift; sourceTree = "<group>"; };
		2F13BD24299EF84E006C3148 /* RickMortyAppUITestsLaunchTests.swift */ = {isa = PBXFileReference; lastKnownFileType = sourcecode.swift; path = RickMortyAppUITestsLaunchTests.swift; sourceTree = "<group>"; };
/* End PBXFileReference section */

/* Begin PBXFrameworksBuildPhase section */
		2F13BCFB299EF84D006C3148 /* Frameworks */ = {
			isa = PBXFrameworksBuildPhase;
			buildActionMask = 2147483647;
			files = (
			);
			runOnlyForDeploymentPostprocessing = 0;
		};
		2F13BD11299EF84E006C3148 /* Frameworks */ = {
			isa = PBXFrameworksBuildPhase;
			buildActionMask = 2147483647;
			files = (
			);
			runOnlyForDeploymentPostprocessing = 0;
		};
		2F13BD1B299EF84E006C3148 /* Frameworks */ = {
			isa = PBXFrameworksBuildPhase;
			buildActionMask = 2147483647;
			files = (
			);
			runOnlyForDeploymentPostprocessing = 0;
		};
/* End PBXFrameworksBuildPhase section */

/* Begin PBXGroup section */
		2F13BCF5299EF84D006C3148 = {
			isa = PBXGroup;
			children = (
				2F13BD00299EF84D006C3148 /* RickMortyApp */,
				2F13BD17299EF84E006C3148 /* RickMortyAppTests */,
				2F13BD21299EF84E006C3148 /* RickMortyAppUITests */,
				2F13BCFF299EF84D006C3148 /* Products */,
			);
			sourceTree = "<group>";
		};
		2F13BCFF299EF84D006C3148 /* Products */ = {
			isa = PBXGroup;
			children = (
				2F13BCFE299EF84D006C3148 /* RickMortyApp.app */,
				2F13BD14299EF84E006C3148 /* RickMortyAppTests.xctest */,
				2F13BD1E299EF84E006C3148 /* RickMortyAppUITests.xctest */,
			);
			name = Products;
			sourceTree = "<group>";
		};
		2F13BD00299EF84D006C3148 /* RickMortyApp */ = {
			isa = PBXGroup;
			children = (
				2F13BD01299EF84D006C3148 /* AppDelegate.swift */,
				2F13BD03299EF84D006C3148 /* SceneDelegate.swift */,
				2F13BD05299EF84D006C3148 /* ViewController.swift */,
				2F13BD07299EF84D006C3148 /* Main.storyboard */,
				2F13BD0A299EF84E006C3148 /* Assets.xcassets */,
				2F13BD0C299EF84E006C3148 /* LaunchScreen.storyboard */,
				2F13BD0F299EF84E006C3148 /* Info.plist */,
			);
			path = RickMortyApp;
			sourceTree = "<group>";
		};
		2F13BD17299EF84E006C3148 /* RickMortyAppTests */ = {
			isa = PBXGroup;
			children = (
				2F13BD18299EF84E006C3148 /* RickMortyAppTests.swift */,
			);
			path = RickMortyAppTests;
			sourceTree = "<group>";
		};
		2F13BD21299EF84E006C3148 /* RickMortyAppUITests */ = {
			isa = PBXGroup;
			children = (
				2F13BD22299EF84E006C3148 /* RickMortyAppUITests.swift */,
				2F13BD24299EF84E006C3148 /* RickMortyAppUITestsLaunchTests.swift */,
			);
			path = RickMortyAppUITests;
			sourceTree = "<group>";
		};
/* End PBXGroup section */

/* Begin PBXNativeTarget section */
		2F13BCFD299EF84D006C3148 /* RickMortyApp */ = {
			isa = PBXNativeTarget;
			buildConfigurationList = 2F13BD28299EF84E006C3148 /* Build configuration list for PBXNativeTarget "RickMortyApp" */;
			buildPhases = (
				2F13BCFA299EF84D006C3148 /* Sources */,
				2F13BCFB299EF84D006C3148 /* Frameworks */,
				2F13BCFC299EF84D006C3148 /* Resources */,
			);
			buildRules = (
			);
			dependencies = (
			);
			name = RickMortyApp;
			productName = RickMortyApp;
			productReference = 2F13BCFE299EF84D006C3148 /* RickMortyApp.app */;
			productType = "com.apple.product-type.application";
		};
		2F13BD13299EF84E006C3148 /* RickMortyAppTests */ = {
			isa = PBXNativeTarget;
			buildConfigurationList = 2F13BD2B299EF84E006C3148 /* Build configuration list for PBXNativeTarget "RickMortyAppTests" */;
			buildPhases = (
				2F13BD10299EF84E006C3148 /* Sources */,
				2F13BD11299EF84E006C3148 /* Frameworks */,
				2F13BD12299EF84E006C3148 /* Resources */,
			);
			buildRules = (
			);
			dependencies = (
				2F13BD16299EF84E006C3148 /* PBXTargetDependency */,
			);
			name = RickMortyAppTests;
			productName = RickMortyAppTests;
			productReference = 2F13BD14299EF84E006C3148 /* RickMortyAppTests.xctest */;
			productType = "com.apple.product-type.bundle.unit-test";
		};
		2F13BD1D299EF84E006C3148 /* RickMortyAppUITests */ = {
			isa = PBXNativeTarget;
			buildConfigurationList = 2F13BD2E299EF84E006C3148 /* Build configuration list for PBXNativeTarget "RickMortyAppUITests" */;
			buildPhases = (
				2F13BD1A299EF84E006C3148 /* Sources */,
				2F13BD1B299EF84E006C3148 /* Frameworks */,
				2F13BD1C299EF84E006C3148 /* Resources */,
			);
			buildRules = (
			);
			dependencies = (
				2F13BD20299EF84E006C3148 /* PBXTargetDependency */,
			);
			name = RickMortyAppUITests;
			productName = RickMortyAppUITests;
			productReference = 2F13BD1E299EF84E006C3148 /* RickMortyAppUITests.xctest */;
			productType = "com.apple.product-type.bundle.ui-testing";
		};
/* End PBXNativeTarget section */

/* Begin PBXProject section */
		2F13BCF6299EF84D006C3148 /* Project object */ = {
			isa = PBXProject;
			attributes = {
				BuildIndependentTargetsInParallel = 1;
				LastSwiftUpdateCheck = 1420;
				LastUpgradeCheck = 1420;
				TargetAttributes = {
					2F13BCFD299EF84D006C3148 = {
						CreatedOnToolsVersion = 14.2;
					};
					2F13BD13299EF84E006C3148 = {
						CreatedOnToolsVersion = 14.2;
						TestTargetID = 2F13BCFD299EF84D006C3148;
					};
					2F13BD1D299EF84E006C3148 = {
						CreatedOnToolsVersion = 14.2;
						TestTargetID = 2F13BCFD299EF84D006C3148;
					};
				};
			};
			buildConfigurationList = 2F13BCF9299EF84D006C3148 /* Build configuration list for PBXProject "RickMortyApp" */;
			compatibilityVersion = "Xcode 14.0";
			developmentRegion = en;
			hasScannedForEncodings = 0;
			knownRegions = (
				en,
				Base,
			);
			mainGroup = 2F13BCF5299EF84D006C3148;
			productRefGroup = 2F13BCFF299EF84D006C3148 /* Products */;
			projectDirPath = "";
			projectRoot = "";
			targets = (
				2F13BCFD299EF84D006C3148 /* RickMortyApp */,
				2F13BD13299EF84E006C3148 /* RickMortyAppTests */,
				2F13BD1D299EF84E006C3148 /* RickMortyAppUITests */,
			);
		};
/* End PBXProject section */

/* Begin PBXResourcesBuildPhase section */
		2F13BCFC299EF84D006C3148 /* Resources */ = {
			isa = PBXResourcesBuildPhase;
			buildActionMask = 2147483647;
			files = (
				2F13BD0E299EF84E006C3148 /* LaunchScreen.storyboard in Resources */,
				2F13BD0B299EF84E006C3148 /* Assets.xcassets in Resources */,
				2F13BD09299EF84D006C3148 /* Main.storyboard in Resources */,
			);
			runOnlyForDeploymentPostprocessing = 0;
		};
		2F13BD12299EF84E006C3148 /* Resources */ = {
			isa = PBXResourcesBuildPhase;
			buildActionMask = 2147483647;
			files = (
			);
			runOnlyForDeploymentPostprocessing = 0;
		};
		2F13BD1C299EF84E006C3148 /* Resources */ = {
			isa = PBXResourcesBuildPhase;
			buildActionMask = 2147483647;
			files = (
			);
			runOnlyForDeploymentPostprocessing = 0;
		};
/* End PBXResourcesBuildPhase section */

/* Begin PBXSourcesBuildPhase section */
		2F13BCFA299EF84D006C3148 /* Sources */ = {
			isa = PBXSourcesBuildPhase;
			buildActionMask = 2147483647;
			files = (
				2F13BD06299EF84D006C3148 /* ViewController.swift in Sources */,
				2F13BD02299EF84D006C3148 /* AppDelegate.swift in Sources */,
				2F13BD04299EF84D006C3148 /* SceneDelegate.swift in Sources */,
			);
			runOnlyForDeploymentPostprocessing = 0;
		};
		2F13BD10299EF84E006C3148 /* Sources */ = {
			isa = PBXSourcesBuildPhase;
			buildActionMask = 2147483647;
			files = (
				2F13BD19299EF84E006C3148 /* RickMortyAppTests.swift in Sources */,
			);
			runOnlyForDeploymentPostprocessing = 0;
		};
		2F13BD1A299EF84E006C3148 /* Sources */ = {
			isa = PBXSourcesBuildPhase;
			buildActionMask = 2147483647;
			files = (
				2F13BD23299EF84E006C3148 /* RickMortyAppUITests.swift in Sources */,
				2F13BD25299EF84E006C3148 /* RickMortyAppUITestsLaunchTests.swift in Sources */,
			);
			runOnlyForDeploymentPostprocessing = 0;
		};
/* End PBXSourcesBuildPhase section */

/* Begin PBXTargetDependency section */
		2F13BD16299EF84E006C3148 /* PBXTargetDependency */ = {
			isa = PBXTargetDependency;
			target = 2F13BCFD299EF84D006C3148 /* RickMortyApp */;
			targetProxy = 2F13BD15299EF84E006C3148 /* PBXContainerItemProxy */;
		};
		2F13BD20299EF84E006C3148 /* PBXTargetDependency */ = {
			isa = PBXTargetDependency;
			target = 2F13BCFD299EF84D006C3148 /* RickMortyApp */;
			targetProxy = 2F13BD1F299EF84E006C3148 /* PBXContainerItemProxy */;
		};
/* End PBXTargetDependency section */

/* Begin PBXVariantGroup section */
		2F13BD07299EF84D006C3148 /* Main.storyboard */ = {
			isa = PBXVariantGroup;
			children = (
				2F13BD08299EF84D006C3148 /* Base */,
			);
			name = Main.storyboard;
			sourceTree = "<group>";
		};
		2F13BD0C299EF84E006C3148 /* LaunchScreen.storyboard */ = {
			isa = PBXVariantGroup;
			children = (
				2F13BD0D299EF84E006C3148 /* Base */,
			);
			name = LaunchScreen.storyboard;
			sourceTree = "<group>";
		};
/* End PBXVariantGroup section */

/* Begin XCBuildConfiguration section */
		2F13BD26299EF84E006C3148 /* Debug */ = {
			isa = XCBuildConfiguration;
			buildSettings = {
				ALWAYS_SEARCH_USER_PATHS = NO;
				CLANG_ANALYZER_NONNULL = YES;
				CLANG_ANALYZER_NUMBER_OBJECT_CONVERSION = YES_AGGRESSIVE;
				CLANG_CXX_LANGUAGE_STANDARD = "gnu++20";
				CLANG_ENABLE_MODULES = YES;
				CLANG_ENABLE_OBJC_ARC = YES;
				CLANG_ENABLE_OBJC_WEAK = YES;
				CLANG_WARN_BLOCK_CAPTURE_AUTORELEASING = YES;
				CLANG_WARN_BOOL_CONVERSION = YES;
				CLANG_WARN_COMMA = YES;
				CLANG_WARN_CONSTANT_CONVERSION = YES;
				CLANG_WARN_DEPRECATED_OBJC_IMPLEMENTATIONS = YES;
				CLANG_WARN_DIRECT_OBJC_ISA_USAGE = YES_ERROR;
				CLANG_WARN_DOCUMENTATION_COMMENTS = YES;
				CLANG_WARN_EMPTY_BODY = YES;
				CLANG_WARN_ENUM_CONVERSION = YES;
				CLANG_WARN_INFINITE_RECURSION = YES;
				CLANG_WARN_INT_CONVERSION = YES;
				CLANG_WARN_NON_LITERAL_NULL_CONVERSION = YES;
				CLANG_WARN_OBJC_IMPLICIT_RETAIN_SELF = YES;
				CLANG_WARN_OBJC_LITERAL_CONVERSION = YES;
				CLANG_WARN_OBJC_ROOT_CLASS = YES_ERROR;
				CLANG_WARN_QUOTED_INCLUDE_IN_FRAMEWORK_HEADER = YES;
				CLANG_WARN_RANGE_LOOP_ANALYSIS = YES;
				CLANG_WARN_STRICT_PROTOTYPES = YES;
				CLANG_WARN_SUSPICIOUS_MOVE = YES;
				CLANG_WARN_UNGUARDED_AVAILABILITY = YES_AGGRESSIVE;
				CLANG_WARN_UNREACHABLE_CODE = YES;
				CLANG_WARN__DUPLICATE_METHOD_MATCH = YES;
				COPY_PHASE_STRIP = NO;
				DEBUG_INFORMATION_FORMAT = dwarf;
				ENABLE_STRICT_OBJC_MSGSEND = YES;
				ENABLE_TESTABILITY = YES;
				GCC_C_LANGUAGE_STANDARD = gnu11;
				GCC_DYNAMIC_NO_PIC = NO;
				GCC_NO_COMMON_BLOCKS = YES;
				GCC_OPTIMIZATION_LEVEL = 0;
				GCC_PREPROCESSOR_DEFINITIONS = (
					"DEBUG=1",
					"$(inherited)",
				);
				GCC_WARN_64_TO_32_BIT_CONVERSION = YES;
				GCC_WARN_ABOUT_RETURN_TYPE = YES_ERROR;
				GCC_WARN_UNDECLARED_SELECTOR = YES;
				GCC_WARN_UNINITIALIZED_AUTOS = YES_AGGRESSIVE;
				GCC_WARN_UNUSED_FUNCTION = YES;
				GCC_WARN_UNUSED_VARIABLE = YES;
				IPHONEOS_DEPLOYMENT_TARGET = 16.2;
				MTL_ENABLE_DEBUG_INFO = INCLUDE_SOURCE;
				MTL_FAST_MATH = YES;
				ONLY_ACTIVE_ARCH = YES;
				SDKROOT = iphoneos;
				SWIFT_ACTIVE_COMPILATION_CONDITIONS = DEBUG;
				SWIFT_OPTIMIZATION_LEVEL = "-Onone";
			};
			name = Debug;
		};
		2F13BD27299EF84E006C3148 /* Release */ = {
			isa = XCBuildConfiguration;
			buildSettings = {
				ALWAYS_SEARCH_USER_PATHS = NO;
				CLANG_ANALYZER_NONNULL = YES;
				CLANG_ANALYZER_NUMBER_OBJECT_CONVERSION = YES_AGGRESSIVE;
				CLANG_CXX_LANGUAGE_STANDARD = "gnu++20";
				CLANG_ENABLE_MODULES = YES;
				CLANG_ENABLE_OBJC_ARC = YES;
				CLANG_ENABLE_OBJC_WEAK = YES;
				CLANG_WARN_BLOCK_CAPTURE_AUTORELEASING = YES;
				CLANG_WARN_BOOL_CONVERSION = YES;
				CLANG_WARN_COMMA = YES;
				CLANG_WARN_CONSTANT_CONVERSION = YES;
				CLANG_WARN_DEPRECATED_OBJC_IMPLEMENTATIONS = YES;
				CLANG_WARN_DIRECT_OBJC_ISA_USAGE = YES_ERROR;
				CLANG_WARN_DOCUMENTATION_COMMENTS = YES;
				CLANG_WARN_EMPTY_BODY = YES;
				CLANG_WARN_ENUM_CONVERSION = YES;
				CLANG_WARN_INFINITE_RECURSION = YES;
				CLANG_WARN_INT_CONVERSION = YES;
				CLANG_WARN_NON_LITERAL_NULL_CONVERSION = YES;
				CLANG_WARN_OBJC_IMPLICIT_RETAIN_SELF = YES;
				CLANG_WARN_OBJC_LITERAL_CONVERSION = YES;
				CLANG_WARN_OBJC_ROOT_CLASS = YES_ERROR;
				CLANG_WARN_QUOTED_INCLUDE_IN_FRAMEWORK_HEADER = YES;
				CLANG_WARN_RANGE_LOOP_ANALYSIS = YES;
				CLANG_WARN_STRICT_PROTOTYPES = YES;
				CLANG_WARN_SUSPICIOUS_MOVE = YES;
				CLANG_WARN_UNGUARDED_AVAILABILITY = YES_AGGRESSIVE;
				CLANG_WARN_UNREACHABLE_CODE = YES;
				CLANG_WARN__DUPLICATE_METHOD_MATCH = YES;
				COPY_PHASE_STRIP = NO;
				DEBUG_INFORMATION_FORMAT = "dwarf-with-dsym";
				ENABLE_NS_ASSERTIONS = NO;
				ENABLE_STRICT_OBJC_MSGSEND = YES;
				GCC_C_LANGUAGE_STANDARD = gnu11;
				GCC_NO_COMMON_BLOCKS = YES;
				GCC_WARN_64_TO_32_BIT_CONVERSION = YES;
				GCC_WARN_ABOUT_RETURN_TYPE = YES_ERROR;
				GCC_WARN_UNDECLARED_SELECTOR = YES;
				GCC_WARN_UNINITIALIZED_AUTOS = YES_AGGRESSIVE;
				GCC_WARN_UNUSED_FUNCTION = YES;
				GCC_WARN_UNUSED_VARIABLE = YES;
				IPHONEOS_DEPLOYMENT_TARGET = 16.2;
				MTL_ENABLE_DEBUG_INFO = NO;
				MTL_FAST_MATH = YES;
				SDKROOT = iphoneos;
				SWIFT_COMPILATION_MODE = wholemodule;
				SWIFT_OPTIMIZATION_LEVEL = "-O";
				VALIDATE_PRODUCT = YES;
			};
			name = Release;
		};
		2F13BD29299EF84E006C3148 /* Debug */ = {
			isa = XCBuildConfiguration;
			buildSettings = {
				ASSETCATALOG_COMPILER_APPICON_NAME = AppIcon;
				ASSETCATALOG_COMPILER_GLOBAL_ACCENT_COLOR_NAME = AccentColor;
				CODE_SIGN_STYLE = Automatic;
				CURRENT_PROJECT_VERSION = 1;
				DEVELOPMENT_TEAM = DPMJC33NF6;
				GENERATE_INFOPLIST_FILE = YES;
				INFOPLIST_FILE = RickMortyApp/Info.plist;
				INFOPLIST_KEY_UIApplicationSupportsIndirectInputEvents = YES;
				INFOPLIST_KEY_UILaunchStoryboardName = LaunchScreen;
				INFOPLIST_KEY_UIMainStoryboardFile = Main;
				INFOPLIST_KEY_UISupportedInterfaceOrientations_iPad = "UIInterfaceOrientationPortrait UIInterfaceOrientationPortraitUpsideDown UIInterfaceOrientationLandscapeLeft UIInterfaceOrientationLandscapeRight";
				INFOPLIST_KEY_UISupportedInterfaceOrientations_iPhone = "UIInterfaceOrientationPortrait UIInterfaceOrientationLandscapeLeft UIInterfaceOrientationLandscapeRight";
				LD_RUNPATH_SEARCH_PATHS = (
					"$(inherited)",
					"@executable_path/Frameworks",
				);
				MARKETING_VERSION = 1.0;
				PRODUCT_BUNDLE_IDENTIFIER = com.getgo.RickMortyApp;
				PRODUCT_NAME = "$(TARGET_NAME)";
				SWIFT_EMIT_LOC_STRINGS = YES;
				SWIFT_VERSION = 5.0;
				TARGETED_DEVICE_FAMILY = "1,2";
			};
			name = Debug;
		};
		2F13BD2A299EF84E006C3148 /* Release */ = {
			isa = XCBuildConfiguration;
			buildSettings = {
				ASSETCATALOG_COMPILER_APPICON_NAME = AppIcon;
				ASSETCATALOG_COMPILER_GLOBAL_ACCENT_COLOR_NAME = AccentColor;
				CODE_SIGN_STYLE = Automatic;
				CURRENT_PROJECT_VERSION = 1;
				DEVELOPMENT_TEAM = DPMJC33NF6;
				GENERATE_INFOPLIST_FILE = YES;
				INFOPLIST_FILE = RickMortyApp/Info.plist;
				INFOPLIST_KEY_UIApplicationSupportsIndirectInputEvents = YES;
				INFOPLIST_KEY_UILaunchStoryboardName = LaunchScreen;
				INFOPLIST_KEY_UIMainStoryboardFile = Main;
				INFOPLIST_KEY_UISupportedInterfaceOrientations_iPad = "UIInterfaceOrientationPortrait UIInterfaceOrientationPortraitUpsideDown UIInterfaceOrientationLandscapeLeft UIInterfaceOrientationLandscapeRight";
				INFOPLIST_KEY_UISupportedInterfaceOrientations_iPhone = "UIInterfaceOrientationPortrait UIInterfaceOrientationLandscapeLeft UIInterfaceOrientationLandscapeRight";
				LD_RUNPATH_SEARCH_PATHS = (
					"$(inherited)",
					"@executable_path/Frameworks",
				);
				MARKETING_VERSION = 1.0;
				PRODUCT_BUNDLE_IDENTIFIER = com.getgo.RickMortyApp;
				PRODUCT_NAME = "$(TARGET_NAME)";
				SWIFT_EMIT_LOC_STRINGS = YES;
				SWIFT_VERSION = 5.0;
				TARGETED_DEVICE_FAMILY = "1,2";
			};
			name = Release;
		};
		2F13BD2C299EF84E006C3148 /* Debug */ = {
			isa = XCBuildConfiguration;
			buildSettings = {
				ALWAYS_EMBED_SWIFT_STANDARD_LIBRARIES = YES;
				BUNDLE_LOADER = "$(TEST_HOST)";
				CODE_SIGN_STYLE = Automatic;
				CURRENT_PROJECT_VERSION = 1;
				DEVELOPMENT_TEAM = DPMJC33NF6;
				GENERATE_INFOPLIST_FILE = YES;
				IPHONEOS_DEPLOYMENT_TARGET = 16.2;
				MARKETING_VERSION = 1.0;
				PRODUCT_BUNDLE_IDENTIFIER = com.getgo.RickMortyAppTests;
				PRODUCT_NAME = "$(TARGET_NAME)";
				SWIFT_EMIT_LOC_STRINGS = NO;
				SWIFT_VERSION = 5.0;
				TARGETED_DEVICE_FAMILY = "1,2";
				TEST_HOST = "$(BUILT_PRODUCTS_DIR)/RickMortyApp.app/$(BUNDLE_EXECUTABLE_FOLDER_PATH)/RickMortyApp";
			};
			name = Debug;
		};
		2F13BD2D299EF84E006C3148 /* Release */ = {
			isa = XCBuildConfiguration;
			buildSettings = {
				ALWAYS_EMBED_SWIFT_STANDARD_LIBRARIES = YES;
				BUNDLE_LOADER = "$(TEST_HOST)";
				CODE_SIGN_STYLE = Automatic;
				CURRENT_PROJECT_VERSION = 1;
				DEVELOPMENT_TEAM = DPMJC33NF6;
				GENERATE_INFOPLIST_FILE = YES;
				IPHONEOS_DEPLOYMENT_TARGET = 16.2;
				MARKETING_VERSION = 1.0;
				PRODUCT_BUNDLE_IDENTIFIER = com.getgo.RickMortyAppTests;
				PRODUCT_NAME = "$(TARGET_NAME)";
				SWIFT_EMIT_LOC_STRINGS = NO;
				SWIFT_VERSION = 5.0;
				TARGETED_DEVICE_FAMILY = "1,2";
				TEST_HOST = "$(BUILT_PRODUCTS_DIR)/RickMortyApp.app/$(BUNDLE_EXECUTABLE_FOLDER_PATH)/RickMortyApp";
			};
			name = Release;
		};
		2F13BD2F299EF84E006C3148 /* Debug */ = {
			isa = XCBuildConfiguration;
			buildSettings = {
				ALWAYS_EMBED_SWIFT_STANDARD_LIBRARIES = YES;
				CODE_SIGN_STYLE = Automatic;
				CURRENT_PROJECT_VERSION = 1;
				DEVELOPMENT_TEAM = DPMJC33NF6;
				GENERATE_INFOPLIST_FILE = YES;
				MARKETING_VERSION = 1.0;
				PRODUCT_BUNDLE_IDENTIFIER = com.getgo.RickMortyAppUITests;
				PRODUCT_NAME = "$(TARGET_NAME)";
				SWIFT_EMIT_LOC_STRINGS = NO;
				SWIFT_VERSION = 5.0;
				TARGETED_DEVICE_FAMILY = "1,2";
				TEST_TARGET_NAME = RickMortyApp;
			};
			name = Debug;
		};
		2F13BD30299EF84E006C3148 /* Release */ = {
			isa = XCBuildConfiguration;
			buildSettings = {
				ALWAYS_EMBED_SWIFT_STANDARD_LIBRARIES = YES;
				CODE_SIGN_STYLE = Automatic;
				CURRENT_PROJECT_VERSION = 1;
				DEVELOPMENT_TEAM = DPMJC33NF6;
				GENERATE_INFOPLIST_FILE = YES;
				MARKETING_VERSION = 1.0;
				PRODUCT_BUNDLE_IDENTIFIER = com.getgo.RickMortyAppUITests;
				PRODUCT_NAME = "$(TARGET_NAME)";
				SWIFT_EMIT_LOC_STRINGS = NO;
				SWIFT_VERSION = 5.0;
				TARGETED_DEVICE_FAMILY = "1,2";
				TEST_TARGET_NAME = RickMortyApp;
			};
			name = Release;
		};
/* End XCBuildConfiguration section */

/* Begin XCConfigurationList section */
		2F13BCF9299EF84D006C3148 /* Build configuration list for PBXProject "RickMortyApp" */ = {
			isa = XCConfigurationList;
			buildConfigurations = (
				2F13BD26299EF84E006C3148 /* Debug */,
				2F13BD27299EF84E006C3148 /* Release */,
			);
			defaultConfigurationIsVisible = 0;
			defaultConfigurationName = Release;
		};
		2F13BD28299EF84E006C3148 /* Build configuration list for PBXNativeTarget "RickMortyApp" */ = {
			isa = XCConfigurationList;
			buildConfigurations = (
				2F13BD29299EF84E006C3148 /* Debug */,
				2F13BD2A299EF84E006C3148 /* Release */,
			);
			defaultConfigurationIsVisible = 0;
			defaultConfigurationName = Release;
		};
		2F13BD2B299EF84E006C3148 /* Build configuration list for PBXNativeTarget "RickMortyAppTests" */ = {
			isa = XCConfigurationList;
			buildConfigurations = (
				2F13BD2C299EF84E006C3148 /* Debug */,
				2F13BD2D299EF84E006C3148 /* Release */,
			);
			defaultConfigurationIsVisible = 0;
			defaultConfigurationName = Release;
		};
		2F13BD2E299EF84E006C3148 /* Build configuration list for PBXNativeTarget "RickMortyAppUITests" */ = {
			isa = XCConfigurationList;
			buildConfigurations = (
				2F13BD2F299EF84E006C3148 /* Debug */,
				2F13BD30299EF84E006C3148 /* Release */,
			);
			defaultConfigurationIsVisible = 0;
			defaultConfigurationName = Release;
		};
/* End XCConfigurationList section */
	};
	rootObject = 2F13BCF6299EF84D006C3148 /* Project object */;
}
