// !$*UTF8*$!
{
	archiveVersion = 1;
	classes = {
	};
	objectVersion = 56;
	objects = {

/* Begin PBXBuildFile section */
		2F02130E29A05FBF0084B537 /* Extensions.swift in Sources */ = {isa = PBXBuildFile; fileRef = 2F02130D29A05FBF0084B537 /* Extensions.swift */; };
		2F02131029A067BD0084B537 /* LocationDetailController.swift in Sources */ = {isa = PBXBuildFile; fileRef = 2F02130F29A067BD0084B537 /* LocationDetailController.swift */; };
		2F02131229A0681C0084B537 /* LocationDetailViewModel.swift in Sources */ = {isa = PBXBuildFile; fileRef = 2F02131129A0681C0084B537 /* LocationDetailViewModel.swift */; };
		2F02131429A06C270084B537 /* EpisodeDetailViewModel.swift in Sources */ = {isa = PBXBuildFile; fileRef = 2F02131329A06C270084B537 /* EpisodeDetailViewModel.swift */; };
		2F02131729A07AD20084B537 /* LocationDetailCell.swift in Sources */ = {isa = PBXBuildFile; fileRef = 2F02131529A07AD10084B537 /* LocationDetailCell.swift */; };
		2F02131829A07AD20084B537 /* LocationDetailCell.xib in Resources */ = {isa = PBXBuildFile; fileRef = 2F02131629A07AD10084B537 /* LocationDetailCell.xib */; };
		2F02131A29A0F0B20084B537 /* EpisodeDetailController.swift in Sources */ = {isa = PBXBuildFile; fileRef = 2F02131929A0F0B20084B537 /* EpisodeDetailController.swift */; };
		2F02131E29A0F4930084B537 /* EpisodeCell.swift in Sources */ = {isa = PBXBuildFile; fileRef = 2F02131C29A0F4930084B537 /* EpisodeCell.swift */; };
		2F02131F29A0F4930084B537 /* EpisodeCell.xib in Resources */ = {isa = PBXBuildFile; fileRef = 2F02131D29A0F4930084B537 /* EpisodeCell.xib */; };
		2F02132129A108370084B537 /* CharacterDetailController.swift in Sources */ = {isa = PBXBuildFile; fileRef = 2F02132029A108370084B537 /* CharacterDetailController.swift */; };
		2F02132329A1085B0084B537 /* CharacterDetailViewModel.swift in Sources */ = {isa = PBXBuildFile; fileRef = 2F02132229A1085B0084B537 /* CharacterDetailViewModel.swift */; };
		2F02132629A109CE0084B537 /* CharacterDetailCell.swift in Sources */ = {isa = PBXBuildFile; fileRef = 2F02132429A109CE0084B537 /* CharacterDetailCell.swift */; };
		2F02132729A109CE0084B537 /* CharacterDetailCell.xib in Resources */ = {isa = PBXBuildFile; fileRef = 2F02132529A109CE0084B537 /* CharacterDetailCell.xib */; };
		2F02132A29A12D9F0084B537 /* CharacterFilterController.swift in Sources */ = {isa = PBXBuildFile; fileRef = 2F02132829A12D9F0084B537 /* CharacterFilterController.swift */; };
		2F02132B29A12D9F0084B537 /* CharacterFilterController.xib in Resources */ = {isa = PBXBuildFile; fileRef = 2F02132929A12D9F0084B537 /* CharacterFilterController.xib */; };
		2F13BD02299EF84D006C3148 /* AppDelegate.swift in Sources */ = {isa = PBXBuildFile; fileRef = 2F13BD01299EF84D006C3148 /* AppDelegate.swift */; };
		2F13BD04299EF84D006C3148 /* SceneDelegate.swift in Sources */ = {isa = PBXBuildFile; fileRef = 2F13BD03299EF84D006C3148 /* SceneDelegate.swift */; };
		2F13BD0B299EF84E006C3148 /* Assets.xcassets in Resources */ = {isa = PBXBuildFile; fileRef = 2F13BD0A299EF84E006C3148 /* Assets.xcassets */; };
		2F13BD0E299EF84E006C3148 /* LaunchScreen.storyboard in Resources */ = {isa = PBXBuildFile; fileRef = 2F13BD0C299EF84E006C3148 /* LaunchScreen.storyboard */; };
		2F13BD25299EF84E006C3148 /* RickMortyAppUITestsLaunchTests.swift in Sources */ = {isa = PBXBuildFile; fileRef = 2F13BD24299EF84E006C3148 /* RickMortyAppUITestsLaunchTests.swift */; };
		2F13BD34299F2DCC006C3148 /* Coordinator.swift in Sources */ = {isa = PBXBuildFile; fileRef = 2F13BD33299F2DCC006C3148 /* Coordinator.swift */; };
		2F13BD37299F3092006C3148 /* CharacterController.swift in Sources */ = {isa = PBXBuildFile; fileRef = 2F13BD35299F3092006C3148 /* CharacterController.swift */; };
		2F13BD3C299F31C3006C3148 /* BaseViewController.swift in Sources */ = {isa = PBXBuildFile; fileRef = 2F13BD3A299F31C3006C3148 /* BaseViewController.swift */; };
		2F13BD3D299F31C3006C3148 /* BaseViewController.xib in Resources */ = {isa = PBXBuildFile; fileRef = 2F13BD3B299F31C3006C3148 /* BaseViewController.xib */; };
		2F13BD40299F326B006C3148 /* CharacterModel.swift in Sources */ = {isa = PBXBuildFile; fileRef = 2F13BD3F299F326B006C3148 /* CharacterModel.swift */; };
		2F13BD42299F3350006C3148 /* LocationModel.swift in Sources */ = {isa = PBXBuildFile; fileRef = 2F13BD41299F3350006C3148 /* LocationModel.swift */; };
		2F13BD44299F3AB6006C3148 /* CharacterViewModel.swift in Sources */ = {isa = PBXBuildFile; fileRef = 2F13BD43299F3AB6006C3148 /* CharacterViewModel.swift */; };
		2F13BD48299F41EC006C3148 /* Service.swift in Sources */ = {isa = PBXBuildFile; fileRef = 2F13BD47299F41EC006C3148 /* Service.swift */; };
		2F13BD4B299F4E6C006C3148 /* MainService.swift in Sources */ = {isa = PBXBuildFile; fileRef = 2F13BD4A299F4E6C006C3148 /* MainService.swift */; };
		2F13BD4F299F7CD1006C3148 /* CharacterCell.swift in Sources */ = {isa = PBXBuildFile; fileRef = 2F13BD4D299F7CD1006C3148 /* CharacterCell.swift */; };
		2F13BD50299F7CD1006C3148 /* CharacterCell.xib in Resources */ = {isa = PBXBuildFile; fileRef = 2F13BD4E299F7CD1006C3148 /* CharacterCell.xib */; };
		2F13BD55299FABF7006C3148 /* LocationController.swift in Sources */ = {isa = PBXBuildFile; fileRef = 2F13BD54299FABF7006C3148 /* LocationController.swift */; };
		2F13BD58299FAC8C006C3148 /* LocationCell.swift in Sources */ = {isa = PBXBuildFile; fileRef = 2F13BD56299FAC8C006C3148 /* LocationCell.swift */; };
		2F13BD59299FAC8C006C3148 /* LocationCell.xib in Resources */ = {isa = PBXBuildFile; fileRef = 2F13BD57299FAC8C006C3148 /* LocationCell.xib */; };
		2F13BD5C299FB5BC006C3148 /* LocationViewModel.swift in Sources */ = {isa = PBXBuildFile; fileRef = 2F13BD5B299FB5BC006C3148 /* LocationViewModel.swift */; };
		2F13BD5E299FC165006C3148 /* EpisodeModel.swift in Sources */ = {isa = PBXBuildFile; fileRef = 2F13BD5D299FC165006C3148 /* EpisodeModel.swift */; };
		2F13BD61299FDFB8006C3148 /* EpisodeController.swift in Sources */ = {isa = PBXBuildFile; fileRef = 2F13BD60299FDFB8006C3148 /* EpisodeController.swift */; };
		2F13BD65299FDFD7006C3148 /* EpisodeViewModel.swift in Sources */ = {isa = PBXBuildFile; fileRef = 2F13BD64299FDFD7006C3148 /* EpisodeViewModel.swift */; };
		2F13BD68299FE07D006C3148 /* CharacterCoordinator.swift in Sources */ = {isa = PBXBuildFile; fileRef = 2F13BD67299FE07D006C3148 /* CharacterCoordinator.swift */; };
		2F13BD6A299FE0A1006C3148 /* LocationCoordinator.swift in Sources */ = {isa = PBXBuildFile; fileRef = 2F13BD69299FE0A1006C3148 /* LocationCoordinator.swift */; };
		2F13BD6C299FE17B006C3148 /* EpisodeCoordinator.swift in Sources */ = {isa = PBXBuildFile; fileRef = 2F13BD6B299FE17B006C3148 /* EpisodeCoordinator.swift */; };
		2F473B6429A436DF00494198 /* CharacterUITest.swift in Sources */ = {isa = PBXBuildFile; fileRef = 2F473B6329A436DF00494198 /* CharacterUITest.swift */; };
		2F473B6629A4CA8A00494198 /* LocationUITest.swift in Sources */ = {isa = PBXBuildFile; fileRef = 2F473B6529A4CA8A00494198 /* LocationUITest.swift */; };
		2F473B6829A4D21B00494198 /* EpisodeUITest.swift in Sources */ = {isa = PBXBuildFile; fileRef = 2F473B6729A4D21B00494198 /* EpisodeUITest.swift */; };
		2FC58C2B29A3707F00BC0A9B /* CharacterServiceTest.swift in Sources */ = {isa = PBXBuildFile; fileRef = 2FC58C2A29A3707F00BC0A9B /* CharacterServiceTest.swift */; };
		2FC58C2D29A370C100BC0A9B /* MainServiceMock.swift in Sources */ = {isa = PBXBuildFile; fileRef = 2FC58C2C29A370C100BC0A9B /* MainServiceMock.swift */; };
		2FC58C3129A378C000BC0A9B /* CharacterResponseMock.swift in Sources */ = {isa = PBXBuildFile; fileRef = 2FC58C3029A378C000BC0A9B /* CharacterResponseMock.swift */; };
		2FC58C3629A38D1300BC0A9B /* CharacterViewModelMock.swift in Sources */ = {isa = PBXBuildFile; fileRef = 2FC58C3529A38D1300BC0A9B /* CharacterViewModelMock.swift */; };
		2FC58C3829A39AF700BC0A9B /* CharacterViewModelTest.swift in Sources */ = {isa = PBXBuildFile; fileRef = 2FC58C3729A39AF700BC0A9B /* CharacterViewModelTest.swift */; };
		2FC58C3A29A3AF5100BC0A9B /* CharacterDetailViewModelTest.swift in Sources */ = {isa = PBXBuildFile; fileRef = 2FC58C3929A3AF5100BC0A9B /* CharacterDetailViewModelTest.swift */; };
		2FC58C3C29A3AF7700BC0A9B /* CharacterDetailViewModelMock.swift in Sources */ = {isa = PBXBuildFile; fileRef = 2FC58C3B29A3AF7700BC0A9B /* CharacterDetailViewModelMock.swift */; };
		2FC58C3E29A3B4CF00BC0A9B /* LocationResponseMock.swift in Sources */ = {isa = PBXBuildFile; fileRef = 2FC58C3D29A3B4CF00BC0A9B /* LocationResponseMock.swift */; };
		2FC58C4029A3B56800BC0A9B /* LocationServiceTest.swift in Sources */ = {isa = PBXBuildFile; fileRef = 2FC58C3F29A3B56800BC0A9B /* LocationServiceTest.swift */; };
		2FC58C4329A3B84700BC0A9B /* LocationViewModelMock.swift in Sources */ = {isa = PBXBuildFile; fileRef = 2FC58C4229A3B84700BC0A9B /* LocationViewModelMock.swift */; };
		2FC58C4529A3B86200BC0A9B /* LocationViewModelTest.swift in Sources */ = {isa = PBXBuildFile; fileRef = 2FC58C4429A3B86200BC0A9B /* LocationViewModelTest.swift */; };
		2FC58C4729A3B87900BC0A9B /* LocationDetailViewModelMock.swift in Sources */ = {isa = PBXBuildFile; fileRef = 2FC58C4629A3B87900BC0A9B /* LocationDetailViewModelMock.swift */; };
		2FC58C4929A3B89100BC0A9B /* LocationDetailViewModelTest.swift in Sources */ = {isa = PBXBuildFile; fileRef = 2FC58C4829A3B89100BC0A9B /* LocationDetailViewModelTest.swift */; };
		2FC58C4C29A3BED800BC0A9B /* EpisodeViewModelMock.swift in Sources */ = {isa = PBXBuildFile; fileRef = 2FC58C4B29A3BED800BC0A9B /* EpisodeViewModelMock.swift */; };
		2FC58C4E29A3BEE900BC0A9B /* EpisodeViewModelTest.swift in Sources */ = {isa = PBXBuildFile; fileRef = 2FC58C4D29A3BEE900BC0A9B /* EpisodeViewModelTest.swift */; };
		2FC58C5029A3BF0000BC0A9B /* EpisodeDetailViewModelMock.swift in Sources */ = {isa = PBXBuildFile; fileRef = 2FC58C4F29A3BF0000BC0A9B /* EpisodeDetailViewModelMock.swift */; };
		2FC58C5229A3BF1300BC0A9B /* EpisodeDetailViewModelTest.swift in Sources */ = {isa = PBXBuildFile; fileRef = 2FC58C5129A3BF1300BC0A9B /* EpisodeDetailViewModelTest.swift */; };
		2FC58C5429A3BF4E00BC0A9B /* EpisodeResponseMock.swift in Sources */ = {isa = PBXBuildFile; fileRef = 2FC58C5329A3BF4E00BC0A9B /* EpisodeResponseMock.swift */; };
		2FC58C5629A3BF6600BC0A9B /* EpisodeServiceTest.swift in Sources */ = {isa = PBXBuildFile; fileRef = 2FC58C5529A3BF6600BC0A9B /* EpisodeServiceTest.swift */; };
		2FEAEC7E29A26F1600C3FB2D /* CharacterFilterCell.swift in Sources */ = {isa = PBXBuildFile; fileRef = 2FEAEC7C29A26F1600C3FB2D /* CharacterFilterCell.swift */; };
		2FEAEC7F29A26F1600C3FB2D /* CharacterFilterCell.xib in Resources */ = {isa = PBXBuildFile; fileRef = 2FEAEC7D29A26F1600C3FB2D /* CharacterFilterCell.xib */; };
		2FEAEC8129A270AF00C3FB2D /* AlignedCollectionViewFlowLayout.swift in Sources */ = {isa = PBXBuildFile; fileRef = 2FEAEC8029A270AF00C3FB2D /* AlignedCollectionViewFlowLayout.swift */; };
		4E5A98667A5380DF22BA297B /* Pods_RickMortyApp.framework in Frameworks */ = {isa = PBXBuildFile; fileRef = 851796A373E7C5DF3E1C1A44 /* Pods_RickMortyApp.framework */; };
		8C10E46FBA1F072F57B8E963 /* Pods_RickMortyAppTests.framework in Frameworks */ = {isa = PBXBuildFile; fileRef = 7CBA23A5D07FD781B4F7385A /* Pods_RickMortyAppTests.framework */; };
		A9164F9D9AF897721EEB3E36 /* Pods_RickMortyApp_RickMortyAppUITests.framework in Frameworks */ = {isa = PBXBuildFile; fileRef = 1488D08027494642D0615E86 /* Pods_RickMortyApp_RickMortyAppUITests.framework */; };
/* End PBXBuildFile section */

/* Begin PBXContainerItemProxy section */
		2F13BD15299EF84E006C3148 /* PBXContainerItemProxy */ = {
			isa = PBXContainerItemProxy;
			containerPortal = 2F13BCF6299EF84D006C3148 /* Project object */;
			proxyType = 1;
			remoteGlobalIDString = 2F13BCFD299EF84D006C3148;
			remoteInfo = RickMortyApp;
		};
		2F13BD1F299EF84E006C3148 /* PBXContainerItemProxy */ = {
			isa = PBXContainerItemProxy;
			containerPortal = 2F13BCF6299EF84D006C3148 /* Project object */;
			proxyType = 1;
			remoteGlobalIDString = 2F13BCFD299EF84D006C3148;
			remoteInfo = RickMortyApp;
		};
/* End PBXContainerItemProxy section */

/* Begin PBXFileReference section */
		052067562075C786212D3689 /* Pods-RickMortyApp-RickMortyAppUITests.debug.xcconfig */ = {isa = PBXFileReference; includeInIndex = 1; lastKnownFileType = text.xcconfig; name = "Pods-RickMortyApp-RickMortyAppUITests.debug.xcconfig"; path = "Target Support Files/Pods-RickMortyApp-RickMortyAppUITests/Pods-RickMortyApp-RickMortyAppUITests.debug.xcconfig"; sourceTree = "<group>"; };
		06F5270AABD9E8877A1998D5 /* Pods-RickMortyApp-RickMortyAppUITests.release.xcconfig */ = {isa = PBXFileReference; includeInIndex = 1; lastKnownFileType = text.xcconfig; name = "Pods-RickMortyApp-RickMortyAppUITests.release.xcconfig"; path = "Target Support Files/Pods-RickMortyApp-RickMortyAppUITests/Pods-RickMortyApp-RickMortyAppUITests.release.xcconfig"; sourceTree = "<group>"; };
		1488D08027494642D0615E86 /* Pods_RickMortyApp_RickMortyAppUITests.framework */ = {isa = PBXFileReference; explicitFileType = wrapper.framework; includeInIndex = 0; path = Pods_RickMortyApp_RickMortyAppUITests.framework; sourceTree = BUILT_PRODUCTS_DIR; };
		1A5F5F3A93F6C8D70F82F1C6 /* Pods-RickMortyAppTests.release.xcconfig */ = {isa = PBXFileReference; includeInIndex = 1; lastKnownFileType = text.xcconfig; name = "Pods-RickMortyAppTests.release.xcconfig"; path = "Target Support Files/Pods-RickMortyAppTests/Pods-RickMortyAppTests.release.xcconfig"; sourceTree = "<group>"; };
		2F02130D29A05FBF0084B537 /* Extensions.swift */ = {isa = PBXFileReference; lastKnownFileType = sourcecode.swift; path = Extensions.swift; sourceTree = "<group>"; };
		2F02130F29A067BD0084B537 /* LocationDetailController.swift */ = {isa = PBXFileReference; lastKnownFileType = sourcecode.swift; path = LocationDetailController.swift; sourceTree = "<group>"; };
		2F02131129A0681C0084B537 /* LocationDetailViewModel.swift */ = {isa = PBXFileReference; lastKnownFileType = sourcecode.swift; path = LocationDetailViewModel.swift; sourceTree = "<group>"; };
		2F02131329A06C270084B537 /* EpisodeDetailViewModel.swift */ = {isa = PBXFileReference; lastKnownFileType = sourcecode.swift; path = EpisodeDetailViewModel.swift; sourceTree = "<group>"; };
		2F02131529A07AD10084B537 /* LocationDetailCell.swift */ = {isa = PBXFileReference; lastKnownFileType = sourcecode.swift; path = LocationDetailCell.swift; sourceTree = "<group>"; };
		2F02131629A07AD10084B537 /* LocationDetailCell.xib */ = {isa = PBXFileReference; lastKnownFileType = file.xib; path = LocationDetailCell.xib; sourceTree = "<group>"; };
		2F02131929A0F0B20084B537 /* EpisodeDetailController.swift */ = {isa = PBXFileReference; lastKnownFileType = sourcecode.swift; path = EpisodeDetailController.swift; sourceTree = "<group>"; };
		2F02131C29A0F4930084B537 /* EpisodeCell.swift */ = {isa = PBXFileReference; lastKnownFileType = sourcecode.swift; path = EpisodeCell.swift; sourceTree = "<group>"; };
		2F02131D29A0F4930084B537 /* EpisodeCell.xib */ = {isa = PBXFileReference; lastKnownFileType = file.xib; path = EpisodeCell.xib; sourceTree = "<group>"; };
		2F02132029A108370084B537 /* CharacterDetailController.swift */ = {isa = PBXFileReference; lastKnownFileType = sourcecode.swift; path = CharacterDetailController.swift; sourceTree = "<group>"; };
		2F02132229A1085B0084B537 /* CharacterDetailViewModel.swift */ = {isa = PBXFileReference; lastKnownFileType = sourcecode.swift; path = CharacterDetailViewModel.swift; sourceTree = "<group>"; };
		2F02132429A109CE0084B537 /* CharacterDetailCell.swift */ = {isa = PBXFileReference; lastKnownFileType = sourcecode.swift; path = CharacterDetailCell.swift; sourceTree = "<group>"; };
		2F02132529A109CE0084B537 /* CharacterDetailCell.xib */ = {isa = PBXFileReference; lastKnownFileType = file.xib; path = CharacterDetailCell.xib; sourceTree = "<group>"; };
		2F02132829A12D9F0084B537 /* CharacterFilterController.swift */ = {isa = PBXFileReference; lastKnownFileType = sourcecode.swift; path = CharacterFilterController.swift; sourceTree = "<group>"; };
		2F02132929A12D9F0084B537 /* CharacterFilterController.xib */ = {isa = PBXFileReference; lastKnownFileType = file.xib; path = CharacterFilterController.xib; sourceTree = "<group>"; };
		2F13BCFE299EF84D006C3148 /* RickMortyApp.app */ = {isa = PBXFileReference; explicitFileType = wrapper.application; includeInIndex = 0; path = RickMortyApp.app; sourceTree = BUILT_PRODUCTS_DIR; };
		2F13BD01299EF84D006C3148 /* AppDelegate.swift */ = {isa = PBXFileReference; lastKnownFileType = sourcecode.swift; path = AppDelegate.swift; sourceTree = "<group>"; };
		2F13BD03299EF84D006C3148 /* SceneDelegate.swift */ = {isa = PBXFileReference; lastKnownFileType = sourcecode.swift; path = SceneDelegate.swift; sourceTree = "<group>"; };
		2F13BD0A299EF84E006C3148 /* Assets.xcassets */ = {isa = PBXFileReference; lastKnownFileType = folder.assetcatalog; path = Assets.xcassets; sourceTree = "<group>"; };
		2F13BD0D299EF84E006C3148 /* Base */ = {isa = PBXFileReference; lastKnownFileType = file.storyboard; name = Base; path = Base.lproj/LaunchScreen.storyboard; sourceTree = "<group>"; };
		2F13BD0F299EF84E006C3148 /* Info.plist */ = {isa = PBXFileReference; lastKnownFileType = text.plist.xml; path = Info.plist; sourceTree = "<group>"; };
		2F13BD14299EF84E006C3148 /* RickMortyAppTests.xctest */ = {isa = PBXFileReference; explicitFileType = wrapper.cfbundle; includeInIndex = 0; path = RickMortyAppTests.xctest; sourceTree = BUILT_PRODUCTS_DIR; };
		2F13BD1E299EF84E006C3148 /* RickMortyAppUITests.xctest */ = {isa = PBXFileReference; explicitFileType = wrapper.cfbundle; includeInIndex = 0; path = RickMortyAppUITests.xctest; sourceTree = BUILT_PRODUCTS_DIR; };
		2F13BD24299EF84E006C3148 /* RickMortyAppUITestsLaunchTests.swift */ = {isa = PBXFileReference; lastKnownFileType = sourcecode.swift; path = RickMortyAppUITestsLaunchTests.swift; sourceTree = "<group>"; };
		2F13BD33299F2DCC006C3148 /* Coordinator.swift */ = {isa = PBXFileReference; lastKnownFileType = sourcecode.swift; path = Coordinator.swift; sourceTree = "<group>"; };
		2F13BD35299F3092006C3148 /* CharacterController.swift */ = {isa = PBXFileReference; lastKnownFileType = sourcecode.swift; path = CharacterController.swift; sourceTree = "<group>"; };
		2F13BD3A299F31C3006C3148 /* BaseViewController.swift */ = {isa = PBXFileReference; lastKnownFileType = sourcecode.swift; path = BaseViewController.swift; sourceTree = "<group>"; };
		2F13BD3B299F31C3006C3148 /* BaseViewController.xib */ = {isa = PBXFileReference; lastKnownFileType = file.xib; path = BaseViewController.xib; sourceTree = "<group>"; };
		2F13BD3F299F326B006C3148 /* CharacterModel.swift */ = {isa = PBXFileReference; lastKnownFileType = sourcecode.swift; path = CharacterModel.swift; sourceTree = "<group>"; };
		2F13BD41299F3350006C3148 /* LocationModel.swift */ = {isa = PBXFileReference; lastKnownFileType = sourcecode.swift; path = LocationModel.swift; sourceTree = "<group>"; };
		2F13BD43299F3AB6006C3148 /* CharacterViewModel.swift */ = {isa = PBXFileReference; lastKnownFileType = sourcecode.swift; path = CharacterViewModel.swift; sourceTree = "<group>"; };
		2F13BD47299F41EC006C3148 /* Service.swift */ = {isa = PBXFileReference; lastKnownFileType = sourcecode.swift; path = Service.swift; sourceTree = "<group>"; };
		2F13BD4A299F4E6C006C3148 /* MainService.swift */ = {isa = PBXFileReference; lastKnownFileType = sourcecode.swift; path = MainService.swift; sourceTree = "<group>"; };
		2F13BD4D299F7CD1006C3148 /* CharacterCell.swift */ = {isa = PBXFileReference; lastKnownFileType = sourcecode.swift; path = CharacterCell.swift; sourceTree = "<group>"; };
		2F13BD4E299F7CD1006C3148 /* CharacterCell.xib */ = {isa = PBXFileReference; lastKnownFileType = file.xib; path = CharacterCell.xib; sourceTree = "<group>"; };
		2F13BD54299FABF7006C3148 /* LocationController.swift */ = {isa = PBXFileReference; lastKnownFileType = sourcecode.swift; path = LocationController.swift; sourceTree = "<group>"; };
		2F13BD56299FAC8C006C3148 /* LocationCell.swift */ = {isa = PBXFileReference; lastKnownFileType = sourcecode.swift; path = LocationCell.swift; sourceTree = "<group>"; };
		2F13BD57299FAC8C006C3148 /* LocationCell.xib */ = {isa = PBXFileReference; lastKnownFileType = file.xib; path = LocationCell.xib; sourceTree = "<group>"; };
		2F13BD5B299FB5BC006C3148 /* LocationViewModel.swift */ = {isa = PBXFileReference; lastKnownFileType = sourcecode.swift; path = LocationViewModel.swift; sourceTree = "<group>"; };
		2F13BD5D299FC165006C3148 /* EpisodeModel.swift */ = {isa = PBXFileReference; lastKnownFileType = sourcecode.swift; path = EpisodeModel.swift; sourceTree = "<group>"; };
		2F13BD60299FDFB8006C3148 /* EpisodeController.swift */ = {isa = PBXFileReference; lastKnownFileType = sourcecode.swift; path = EpisodeController.swift; sourceTree = "<group>"; };
		2F13BD64299FDFD7006C3148 /* EpisodeViewModel.swift */ = {isa = PBXFileReference; lastKnownFileType = sourcecode.swift; path = EpisodeViewModel.swift; sourceTree = "<group>"; };
		2F13BD67299FE07D006C3148 /* CharacterCoordinator.swift */ = {isa = PBXFileReference; lastKnownFileType = sourcecode.swift; path = CharacterCoordinator.swift; sourceTree = "<group>"; };
		2F13BD69299FE0A1006C3148 /* LocationCoordinator.swift */ = {isa = PBXFileReference; lastKnownFileType = sourcecode.swift; path = LocationCoordinator.swift; sourceTree = "<group>"; };
		2F13BD6B299FE17B006C3148 /* EpisodeCoordinator.swift */ = {isa = PBXFileReference; lastKnownFileType = sourcecode.swift; path = EpisodeCoordinator.swift; sourceTree = "<group>"; };
		2F473B6329A436DF00494198 /* CharacterUITest.swift */ = {isa = PBXFileReference; lastKnownFileType = sourcecode.swift; path = CharacterUITest.swift; sourceTree = "<group>"; };
		2F473B6529A4CA8A00494198 /* LocationUITest.swift */ = {isa = PBXFileReference; lastKnownFileType = sourcecode.swift; path = LocationUITest.swift; sourceTree = "<group>"; };
		2F473B6729A4D21B00494198 /* EpisodeUITest.swift */ = {isa = PBXFileReference; lastKnownFileType = sourcecode.swift; path = EpisodeUITest.swift; sourceTree = "<group>"; };
		2FC58C2A29A3707F00BC0A9B /* CharacterServiceTest.swift */ = {isa = PBXFileReference; lastKnownFileType = sourcecode.swift; path = CharacterServiceTest.swift; sourceTree = "<group>"; };
		2FC58C2C29A370C100BC0A9B /* MainServiceMock.swift */ = {isa = PBXFileReference; lastKnownFileType = sourcecode.swift; path = MainServiceMock.swift; sourceTree = "<group>"; };
		2FC58C3029A378C000BC0A9B /* CharacterResponseMock.swift */ = {isa = PBXFileReference; lastKnownFileType = sourcecode.swift; path = CharacterResponseMock.swift; sourceTree = "<group>"; };
		2FC58C3529A38D1300BC0A9B /* CharacterViewModelMock.swift */ = {isa = PBXFileReference; lastKnownFileType = sourcecode.swift; path = CharacterViewModelMock.swift; sourceTree = "<group>"; };
		2FC58C3729A39AF700BC0A9B /* CharacterViewModelTest.swift */ = {isa = PBXFileReference; lastKnownFileType = sourcecode.swift; path = CharacterViewModelTest.swift; sourceTree = "<group>"; };
		2FC58C3929A3AF5100BC0A9B /* CharacterDetailViewModelTest.swift */ = {isa = PBXFileReference; lastKnownFileType = sourcecode.swift; path = CharacterDetailViewModelTest.swift; sourceTree = "<group>"; };
		2FC58C3B29A3AF7700BC0A9B /* CharacterDetailViewModelMock.swift */ = {isa = PBXFileReference; lastKnownFileType = sourcecode.swift; path = CharacterDetailViewModelMock.swift; sourceTree = "<group>"; };
		2FC58C3D29A3B4CF00BC0A9B /* LocationResponseMock.swift */ = {isa = PBXFileReference; lastKnownFileType = sourcecode.swift; path = LocationResponseMock.swift; sourceTree = "<group>"; };
		2FC58C3F29A3B56800BC0A9B /* LocationServiceTest.swift */ = {isa = PBXFileReference; lastKnownFileType = sourcecode.swift; path = LocationServiceTest.swift; sourceTree = "<group>"; };
		2FC58C4229A3B84700BC0A9B /* LocationViewModelMock.swift */ = {isa = PBXFileReference; lastKnownFileType = sourcecode.swift; path = LocationViewModelMock.swift; sourceTree = "<group>"; };
		2FC58C4429A3B86200BC0A9B /* LocationViewModelTest.swift */ = {isa = PBXFileReference; lastKnownFileType = sourcecode.swift; path = LocationViewModelTest.swift; sourceTree = "<group>"; };
		2FC58C4629A3B87900BC0A9B /* LocationDetailViewModelMock.swift */ = {isa = PBXFileReference; lastKnownFileType = sourcecode.swift; path = LocationDetailViewModelMock.swift; sourceTree = "<group>"; };
		2FC58C4829A3B89100BC0A9B /* LocationDetailViewModelTest.swift */ = {isa = PBXFileReference; lastKnownFileType = sourcecode.swift; path = LocationDetailViewModelTest.swift; sourceTree = "<group>"; };
		2FC58C4B29A3BED800BC0A9B /* EpisodeViewModelMock.swift */ = {isa = PBXFileReference; lastKnownFileType = sourcecode.swift; path = EpisodeViewModelMock.swift; sourceTree = "<group>"; };
		2FC58C4D29A3BEE900BC0A9B /* EpisodeViewModelTest.swift */ = {isa = PBXFileReference; lastKnownFileType = sourcecode.swift; path = EpisodeViewModelTest.swift; sourceTree = "<group>"; };
		2FC58C4F29A3BF0000BC0A9B /* EpisodeDetailViewModelMock.swift */ = {isa = PBXFileReference; lastKnownFileType = sourcecode.swift; path = EpisodeDetailViewModelMock.swift; sourceTree = "<group>"; };
		2FC58C5129A3BF1300BC0A9B /* EpisodeDetailViewModelTest.swift */ = {isa = PBXFileReference; lastKnownFileType = sourcecode.swift; path = EpisodeDetailViewModelTest.swift; sourceTree = "<group>"; };
		2FC58C5329A3BF4E00BC0A9B /* EpisodeResponseMock.swift */ = {isa = PBXFileReference; lastKnownFileType = sourcecode.swift; path = EpisodeResponseMock.swift; sourceTree = "<group>"; };
		2FC58C5529A3BF6600BC0A9B /* EpisodeServiceTest.swift */ = {isa = PBXFileReference; lastKnownFileType = sourcecode.swift; path = EpisodeServiceTest.swift; sourceTree = "<group>"; };
		2FEAEC7C29A26F1600C3FB2D /* CharacterFilterCell.swift */ = {isa = PBXFileReference; lastKnownFileType = sourcecode.swift; path = CharacterFilterCell.swift; sourceTree = "<group>"; };
		2FEAEC7D29A26F1600C3FB2D /* CharacterFilterCell.xib */ = {isa = PBXFileReference; lastKnownFileType = file.xib; path = CharacterFilterCell.xib; sourceTree = "<group>"; };
		2FEAEC8029A270AF00C3FB2D /* AlignedCollectionViewFlowLayout.swift */ = {isa = PBXFileReference; lastKnownFileType = sourcecode.swift; path = AlignedCollectionViewFlowLayout.swift; sourceTree = "<group>"; };
		7CBA23A5D07FD781B4F7385A /* Pods_RickMortyAppTests.framework */ = {isa = PBXFileReference; explicitFileType = wrapper.framework; includeInIndex = 0; path = Pods_RickMortyAppTests.framework; sourceTree = BUILT_PRODUCTS_DIR; };
		851796A373E7C5DF3E1C1A44 /* Pods_RickMortyApp.framework */ = {isa = PBXFileReference; explicitFileType = wrapper.framework; includeInIndex = 0; path = Pods_RickMortyApp.framework; sourceTree = BUILT_PRODUCTS_DIR; };
		9DAA7F3C37A21AD086E56FF1 /* Pods-RickMortyAppTests.debug.xcconfig */ = {isa = PBXFileReference; includeInIndex = 1; lastKnownFileType = text.xcconfig; name = "Pods-RickMortyAppTests.debug.xcconfig"; path = "Target Support Files/Pods-RickMortyAppTests/Pods-RickMortyAppTests.debug.xcconfig"; sourceTree = "<group>"; };
		A18C21BE8ED75D0773812671 /* Pods-RickMortyApp.debug.xcconfig */ = {isa = PBXFileReference; includeInIndex = 1; lastKnownFileType = text.xcconfig; name = "Pods-RickMortyApp.debug.xcconfig"; path = "Target Support Files/Pods-RickMortyApp/Pods-RickMortyApp.debug.xcconfig"; sourceTree = "<group>"; };
		D2AF0C06745DD2D225AF6144 /* Pods-RickMortyApp.release.xcconfig */ = {isa = PBXFileReference; includeInIndex = 1; lastKnownFileType = text.xcconfig; name = "Pods-RickMortyApp.release.xcconfig"; path = "Target Support Files/Pods-RickMortyApp/Pods-RickMortyApp.release.xcconfig"; sourceTree = "<group>"; };
/* End PBXFileReference section */

/* Begin PBXFrameworksBuildPhase section */
		2F13BCFB299EF84D006C3148 /* Frameworks */ = {
			isa = PBXFrameworksBuildPhase;
			buildActionMask = 2147483647;
			files = (
				4E5A98667A5380DF22BA297B /* Pods_RickMortyApp.framework in Frameworks */,
			);
			runOnlyForDeploymentPostprocessing = 0;
		};
		2F13BD11299EF84E006C3148 /* Frameworks */ = {
			isa = PBXFrameworksBuildPhase;
			buildActionMask = 2147483647;
			files = (
				8C10E46FBA1F072F57B8E963 /* Pods_RickMortyAppTests.framework in Frameworks */,
			);
			runOnlyForDeploymentPostprocessing = 0;
		};
		2F13BD1B299EF84E006C3148 /* Frameworks */ = {
			isa = PBXFrameworksBuildPhase;
			buildActionMask = 2147483647;
			files = (
				A9164F9D9AF897721EEB3E36 /* Pods_RickMortyApp_RickMortyAppUITests.framework in Frameworks */,
			);
			runOnlyForDeploymentPostprocessing = 0;
		};
/* End PBXFrameworksBuildPhase section */

/* Begin PBXGroup section */
		0F258160C4B2726FEF25CA65 /* Pods */ = {
			isa = PBXGroup;
			children = (
				A18C21BE8ED75D0773812671 /* Pods-RickMortyApp.debug.xcconfig */,
				D2AF0C06745DD2D225AF6144 /* Pods-RickMortyApp.release.xcconfig */,
				052067562075C786212D3689 /* Pods-RickMortyApp-RickMortyAppUITests.debug.xcconfig */,
				06F5270AABD9E8877A1998D5 /* Pods-RickMortyApp-RickMortyAppUITests.release.xcconfig */,
				9DAA7F3C37A21AD086E56FF1 /* Pods-RickMortyAppTests.debug.xcconfig */,
				1A5F5F3A93F6C8D70F82F1C6 /* Pods-RickMortyAppTests.release.xcconfig */,
			);
			path = Pods;
			sourceTree = "<group>";
		};
		2F13BCF5299EF84D006C3148 = {
			isa = PBXGroup;
			children = (
				2F13BD00299EF84D006C3148 /* RickMortyApp */,
				2F13BD17299EF84E006C3148 /* RickMortyAppTests */,
				2F13BD21299EF84E006C3148 /* RickMortyAppUITests */,
				2F13BCFF299EF84D006C3148 /* Products */,
				0F258160C4B2726FEF25CA65 /* Pods */,
				793BE988DA1E41816C7CA250 /* Frameworks */,
			);
			sourceTree = "<group>";
		};
		2F13BCFF299EF84D006C3148 /* Products */ = {
			isa = PBXGroup;
			children = (
				2F13BCFE299EF84D006C3148 /* RickMortyApp.app */,
				2F13BD14299EF84E006C3148 /* RickMortyAppTests.xctest */,
				2F13BD1E299EF84E006C3148 /* RickMortyAppUITests.xctest */,
			);
			name = Products;
			sourceTree = "<group>";
		};
		2F13BD00299EF84D006C3148 /* RickMortyApp */ = {
			isa = PBXGroup;
			children = (
				2F13BD3E299F325A006C3148 /* Models */,
				2F13BD45299F3ADE006C3148 /* CharacterPage */,
				2F13BD51299FAB9D006C3148 /* LocationPage */,
				2F13BD52299FABA9006C3148 /* EpisodePage */,
				2F13BD66299FE05D006C3148 /* Coordinators */,
				2F13BD49299F4E56006C3148 /* Services */,
				2F13BD39299F31A8006C3148 /* Bases */,
				2F13BD01299EF84D006C3148 /* AppDelegate.swift */,
				2F13BD03299EF84D006C3148 /* SceneDelegate.swift */,
				2F13BD0A299EF84E006C3148 /* Assets.xcassets */,
				2F13BD0C299EF84E006C3148 /* LaunchScreen.storyboard */,
				2F13BD0F299EF84E006C3148 /* Info.plist */,
			);
			path = RickMortyApp;
			sourceTree = "<group>";
		};
		2F13BD17299EF84E006C3148 /* RickMortyAppTests */ = {
			isa = PBXGroup;
			children = (
				2FC58C3229A3894300BC0A9B /* CharacterPage */,
				2FC58C4129A3B82900BC0A9B /* LocationPage */,
				2FC58C4A29A3BE9100BC0A9B /* EpisodePage */,
				2FC58C3329A3895E00BC0A9B /* Services */,
			);
			path = RickMortyAppTests;
			sourceTree = "<group>";
		};
		2F13BD21299EF84E006C3148 /* RickMortyAppUITests */ = {
			isa = PBXGroup;
			children = (
				2F13BD24299EF84E006C3148 /* RickMortyAppUITestsLaunchTests.swift */,
				2F473B6329A436DF00494198 /* CharacterUITest.swift */,
				2F473B6529A4CA8A00494198 /* LocationUITest.swift */,
				2F473B6729A4D21B00494198 /* EpisodeUITest.swift */,
			);
			path = RickMortyAppUITests;
			sourceTree = "<group>";
		};
		2F13BD39299F31A8006C3148 /* Bases */ = {
			isa = PBXGroup;
			children = (
				2F13BD3A299F31C3006C3148 /* BaseViewController.swift */,
				2F13BD3B299F31C3006C3148 /* BaseViewController.xib */,
				2F02130D29A05FBF0084B537 /* Extensions.swift */,
				2FEAEC8029A270AF00C3FB2D /* AlignedCollectionViewFlowLayout.swift */,
			);
			path = Bases;
			sourceTree = "<group>";
		};
		2F13BD3E299F325A006C3148 /* Models */ = {
			isa = PBXGroup;
			children = (
				2F13BD3F299F326B006C3148 /* CharacterModel.swift */,
				2F13BD41299F3350006C3148 /* LocationModel.swift */,
				2F13BD5D299FC165006C3148 /* EpisodeModel.swift */,
			);
			path = Models;
			sourceTree = "<group>";
		};
		2F13BD45299F3ADE006C3148 /* CharacterPage */ = {
			isa = PBXGroup;
			children = (
				2F13BD4C299F7C6A006C3148 /* ViewModels */,
				2F13BD46299F3AEF006C3148 /* Controllers */,
			);
			path = CharacterPage;
			sourceTree = "<group>";
		};
		2F13BD46299F3AEF006C3148 /* Controllers */ = {
			isa = PBXGroup;
			children = (
				2F13BD35299F3092006C3148 /* CharacterController.swift */,
				2F13BD4D299F7CD1006C3148 /* CharacterCell.swift */,
				2F13BD4E299F7CD1006C3148 /* CharacterCell.xib */,
				2F02132829A12D9F0084B537 /* CharacterFilterController.swift */,
				2F02132929A12D9F0084B537 /* CharacterFilterController.xib */,
				2FEAEC7C29A26F1600C3FB2D /* CharacterFilterCell.swift */,
				2FEAEC7D29A26F1600C3FB2D /* CharacterFilterCell.xib */,
				2F02132029A108370084B537 /* CharacterDetailController.swift */,
				2F02132429A109CE0084B537 /* CharacterDetailCell.swift */,
				2F02132529A109CE0084B537 /* CharacterDetailCell.xib */,
			);
			path = Controllers;
			sourceTree = "<group>";
		};
		2F13BD49299F4E56006C3148 /* Services */ = {
			isa = PBXGroup;
			children = (
				2F13BD47299F41EC006C3148 /* Service.swift */,
				2F13BD4A299F4E6C006C3148 /* MainService.swift */,
			);
			path = Services;
			sourceTree = "<group>";
		};
		2F13BD4C299F7C6A006C3148 /* ViewModels */ = {
			isa = PBXGroup;
			children = (
				2F13BD43299F3AB6006C3148 /* CharacterViewModel.swift */,
				2F02132229A1085B0084B537 /* CharacterDetailViewModel.swift */,
			);
			path = ViewModels;
			sourceTree = "<group>";
		};
		2F13BD51299FAB9D006C3148 /* LocationPage */ = {
			isa = PBXGroup;
			children = (
				2F13BD5A299FB5A1006C3148 /* ViewModels */,
				2F13BD53299FABC2006C3148 /* Controllers */,
			);
			path = LocationPage;
			sourceTree = "<group>";
		};
		2F13BD52299FABA9006C3148 /* EpisodePage */ = {
			isa = PBXGroup;
			children = (
				2F13BD62299FDFBC006C3148 /* ViewModels */,
				2F13BD5F299FDF98006C3148 /* Controllers */,
			);
			path = EpisodePage;
			sourceTree = "<group>";
		};
		2F13BD53299FABC2006C3148 /* Controllers */ = {
			isa = PBXGroup;
			children = (
				2F13BD54299FABF7006C3148 /* LocationController.swift */,
				2F13BD56299FAC8C006C3148 /* LocationCell.swift */,
				2F13BD57299FAC8C006C3148 /* LocationCell.xib */,
				2F02130F29A067BD0084B537 /* LocationDetailController.swift */,
				2F02131529A07AD10084B537 /* LocationDetailCell.swift */,
				2F02131629A07AD10084B537 /* LocationDetailCell.xib */,
			);
			path = Controllers;
			sourceTree = "<group>";
		};
		2F13BD5A299FB5A1006C3148 /* ViewModels */ = {
			isa = PBXGroup;
			children = (
				2F13BD5B299FB5BC006C3148 /* LocationViewModel.swift */,
				2F02131129A0681C0084B537 /* LocationDetailViewModel.swift */,
			);
			path = ViewModels;
			sourceTree = "<group>";
		};
		2F13BD5F299FDF98006C3148 /* Controllers */ = {
			isa = PBXGroup;
			children = (
				2F13BD60299FDFB8006C3148 /* EpisodeController.swift */,
				2F02131C29A0F4930084B537 /* EpisodeCell.swift */,
				2F02131D29A0F4930084B537 /* EpisodeCell.xib */,
				2F02131929A0F0B20084B537 /* EpisodeDetailController.swift */,
			);
			path = Controllers;
			sourceTree = "<group>";
		};
		2F13BD62299FDFBC006C3148 /* ViewModels */ = {
			isa = PBXGroup;
			children = (
				2F13BD64299FDFD7006C3148 /* EpisodeViewModel.swift */,
				2F02131329A06C270084B537 /* EpisodeDetailViewModel.swift */,
			);
			path = ViewModels;
			sourceTree = "<group>";
		};
		2F13BD66299FE05D006C3148 /* Coordinators */ = {
			isa = PBXGroup;
			children = (
				2F13BD33299F2DCC006C3148 /* Coordinator.swift */,
				2F13BD67299FE07D006C3148 /* CharacterCoordinator.swift */,
				2F13BD69299FE0A1006C3148 /* LocationCoordinator.swift */,
				2F13BD6B299FE17B006C3148 /* EpisodeCoordinator.swift */,
			);
			path = Coordinators;
			sourceTree = "<group>";
		};
		2FC58C3229A3894300BC0A9B /* CharacterPage */ = {
			isa = PBXGroup;
			children = (
				2FC58C3529A38D1300BC0A9B /* CharacterViewModelMock.swift */,
				2FC58C3729A39AF700BC0A9B /* CharacterViewModelTest.swift */,
				2FC58C3B29A3AF7700BC0A9B /* CharacterDetailViewModelMock.swift */,
				2FC58C3929A3AF5100BC0A9B /* CharacterDetailViewModelTest.swift */,
			);
			path = CharacterPage;
			sourceTree = "<group>";
		};
		2FC58C3329A3895E00BC0A9B /* Services */ = {
			isa = PBXGroup;
			children = (
				2FC58C2C29A370C100BC0A9B /* MainServiceMock.swift */,
				2FC58C3029A378C000BC0A9B /* CharacterResponseMock.swift */,
				2FC58C2A29A3707F00BC0A9B /* CharacterServiceTest.swift */,
				2FC58C3D29A3B4CF00BC0A9B /* LocationResponseMock.swift */,
				2FC58C3F29A3B56800BC0A9B /* LocationServiceTest.swift */,
				2FC58C5329A3BF4E00BC0A9B /* EpisodeResponseMock.swift */,
				2FC58C5529A3BF6600BC0A9B /* EpisodeServiceTest.swift */,
			);
			path = Services;
			sourceTree = "<group>";
		};
		2FC58C4129A3B82900BC0A9B /* LocationPage */ = {
			isa = PBXGroup;
			children = (
				2FC58C4229A3B84700BC0A9B /* LocationViewModelMock.swift */,
				2FC58C4429A3B86200BC0A9B /* LocationViewModelTest.swift */,
				2FC58C4629A3B87900BC0A9B /* LocationDetailViewModelMock.swift */,
				2FC58C4829A3B89100BC0A9B /* LocationDetailViewModelTest.swift */,
			);
			path = LocationPage;
			sourceTree = "<group>";
		};
		2FC58C4A29A3BE9100BC0A9B /* EpisodePage */ = {
			isa = PBXGroup;
			children = (
				2FC58C4B29A3BED800BC0A9B /* EpisodeViewModelMock.swift */,
				2FC58C4D29A3BEE900BC0A9B /* EpisodeViewModelTest.swift */,
				2FC58C4F29A3BF0000BC0A9B /* EpisodeDetailViewModelMock.swift */,
				2FC58C5129A3BF1300BC0A9B /* EpisodeDetailViewModelTest.swift */,
			);
			path = EpisodePage;
			sourceTree = "<group>";
		};
		793BE988DA1E41816C7CA250 /* Frameworks */ = {
			isa = PBXGroup;
			children = (
				851796A373E7C5DF3E1C1A44 /* Pods_RickMortyApp.framework */,
				1488D08027494642D0615E86 /* Pods_RickMortyApp_RickMortyAppUITests.framework */,
				7CBA23A5D07FD781B4F7385A /* Pods_RickMortyAppTests.framework */,
			);
			name = Frameworks;
			sourceTree = "<group>";
		};
/* End PBXGroup section */

/* Begin PBXNativeTarget section */
		2F13BCFD299EF84D006C3148 /* RickMortyApp */ = {
			isa = PBXNativeTarget;
			buildConfigurationList = 2F13BD28299EF84E006C3148 /* Build configuration list for PBXNativeTarget "RickMortyApp" */;
			buildPhases = (
				C0B46FBEF2ED53798F4C1E71 /* [CP] Check Pods Manifest.lock */,
				2F13BCFA299EF84D006C3148 /* Sources */,
				2F13BCFB299EF84D006C3148 /* Frameworks */,
				2F13BCFC299EF84D006C3148 /* Resources */,
				586F8ECFBE11AE10CDFB1137 /* [CP] Embed Pods Frameworks */,
			);
			buildRules = (
			);
			dependencies = (
			);
			name = RickMortyApp;
			productName = RickMortyApp;
			productReference = 2F13BCFE299EF84D006C3148 /* RickMortyApp.app */;
			productType = "com.apple.product-type.application";
		};
		2F13BD13299EF84E006C3148 /* RickMortyAppTests */ = {
			isa = PBXNativeTarget;
			buildConfigurationList = 2F13BD2B299EF84E006C3148 /* Build configuration list for PBXNativeTarget "RickMortyAppTests" */;
			buildPhases = (
				95CE00D8308C5A980A438573 /* [CP] Check Pods Manifest.lock */,
				2F13BD10299EF84E006C3148 /* Sources */,
				2F13BD11299EF84E006C3148 /* Frameworks */,
				2F13BD12299EF84E006C3148 /* Resources */,
			);
			buildRules = (
			);
			dependencies = (
				2F13BD16299EF84E006C3148 /* PBXTargetDependency */,
			);
			name = RickMortyAppTests;
			productName = RickMortyAppTests;
			productReference = 2F13BD14299EF84E006C3148 /* RickMortyAppTests.xctest */;
			productType = "com.apple.product-type.bundle.unit-test";
		};
		2F13BD1D299EF84E006C3148 /* RickMortyAppUITests */ = {
			isa = PBXNativeTarget;
			buildConfigurationList = 2F13BD2E299EF84E006C3148 /* Build configuration list for PBXNativeTarget "RickMortyAppUITests" */;
			buildPhases = (
				5B200C5482830921684E1A1B /* [CP] Check Pods Manifest.lock */,
				2F13BD1A299EF84E006C3148 /* Sources */,
				2F13BD1B299EF84E006C3148 /* Frameworks */,
				2F13BD1C299EF84E006C3148 /* Resources */,
				D837E2BA77992BE173AA8132 /* [CP] Embed Pods Frameworks */,
			);
			buildRules = (
			);
			dependencies = (
				2F13BD20299EF84E006C3148 /* PBXTargetDependency */,
			);
			name = RickMortyAppUITests;
			productName = RickMortyAppUITests;
			productReference = 2F13BD1E299EF84E006C3148 /* RickMortyAppUITests.xctest */;
			productType = "com.apple.product-type.bundle.ui-testing";
		};
/* End PBXNativeTarget section */

/* Begin PBXProject section */
		2F13BCF6299EF84D006C3148 /* Project object */ = {
			isa = PBXProject;
			attributes = {
				BuildIndependentTargetsInParallel = 1;
				LastSwiftUpdateCheck = 1420;
				LastUpgradeCheck = 1420;
				TargetAttributes = {
					2F13BCFD299EF84D006C3148 = {
						CreatedOnToolsVersion = 14.2;
					};
					2F13BD13299EF84E006C3148 = {
						CreatedOnToolsVersion = 14.2;
						TestTargetID = 2F13BCFD299EF84D006C3148;
					};
					2F13BD1D299EF84E006C3148 = {
						CreatedOnToolsVersion = 14.2;
						TestTargetID = 2F13BCFD299EF84D006C3148;
					};
				};
			};
			buildConfigurationList = 2F13BCF9299EF84D006C3148 /* Build configuration list for PBXProject "RickMortyApp" */;
			compatibilityVersion = "Xcode 14.0";
			developmentRegion = en;
			hasScannedForEncodings = 0;
			knownRegions = (
				en,
				Base,
			);
			mainGroup = 2F13BCF5299EF84D006C3148;
			productRefGroup = 2F13BCFF299EF84D006C3148 /* Products */;
			projectDirPath = "";
			projectRoot = "";
			targets = (
				2F13BCFD299EF84D006C3148 /* RickMortyApp */,
				2F13BD13299EF84E006C3148 /* RickMortyAppTests */,
				2F13BD1D299EF84E006C3148 /* RickMortyAppUITests */,
			);
		};
/* End PBXProject section */

/* Begin PBXResourcesBuildPhase section */
		2F13BCFC299EF84D006C3148 /* Resources */ = {
			isa = PBXResourcesBuildPhase;
			buildActionMask = 2147483647;
			files = (
				2F02132729A109CE0084B537 /* CharacterDetailCell.xib in Resources */,
				2F13BD59299FAC8C006C3148 /* LocationCell.xib in Resources */,
				2F02131F29A0F4930084B537 /* EpisodeCell.xib in Resources */,
				2F02131829A07AD20084B537 /* LocationDetailCell.xib in Resources */,
				2F13BD3D299F31C3006C3148 /* BaseViewController.xib in Resources */,
				2F13BD0E299EF84E006C3148 /* LaunchScreen.storyboard in Resources */,
				2F02132B29A12D9F0084B537 /* CharacterFilterController.xib in Resources */,
				2FEAEC7F29A26F1600C3FB2D /* CharacterFilterCell.xib in Resources */,
				2F13BD0B299EF84E006C3148 /* Assets.xcassets in Resources */,
				2F13BD50299F7CD1006C3148 /* CharacterCell.xib in Resources */,
			);
			runOnlyForDeploymentPostprocessing = 0;
		};
		2F13BD12299EF84E006C3148 /* Resources */ = {
			isa = PBXResourcesBuildPhase;
			buildActionMask = 2147483647;
			files = (
			);
			runOnlyForDeploymentPostprocessing = 0;
		};
		2F13BD1C299EF84E006C3148 /* Resources */ = {
			isa = PBXResourcesBuildPhase;
			buildActionMask = 2147483647;
			files = (
			);
			runOnlyForDeploymentPostprocessing = 0;
		};
/* End PBXResourcesBuildPhase section */

/* Begin PBXShellScriptBuildPhase section */
		586F8ECFBE11AE10CDFB1137 /* [CP] Embed Pods Frameworks */ = {
			isa = PBXShellScriptBuildPhase;
			buildActionMask = 2147483647;
			files = (
			);
			inputFileListPaths = (
				"${PODS_ROOT}/Target Support Files/Pods-RickMortyApp/Pods-RickMortyApp-frameworks-${CONFIGURATION}-input-files.xcfilelist",
			);
			name = "[CP] Embed Pods Frameworks";
			outputFileListPaths = (
				"${PODS_ROOT}/Target Support Files/Pods-RickMortyApp/Pods-RickMortyApp-frameworks-${CONFIGURATION}-output-files.xcfilelist",
			);
			runOnlyForDeploymentPostprocessing = 0;
			shellPath = /bin/sh;
			shellScript = "\"${PODS_ROOT}/Target Support Files/Pods-RickMortyApp/Pods-RickMortyApp-frameworks.sh\"\n";
			showEnvVarsInLog = 0;
		};
		5B200C5482830921684E1A1B /* [CP] Check Pods Manifest.lock */ = {
			isa = PBXShellScriptBuildPhase;
			buildActionMask = 2147483647;
			files = (
			);
			inputFileListPaths = (
			);
			inputPaths = (
				"${PODS_PODFILE_DIR_PATH}/Podfile.lock",
				"${PODS_ROOT}/Manifest.lock",
			);
			name = "[CP] Check Pods Manifest.lock";
			outputFileListPaths = (
			);
			outputPaths = (
				"$(DERIVED_FILE_DIR)/Pods-RickMortyApp-RickMortyAppUITests-checkManifestLockResult.txt",
			);
			runOnlyForDeploymentPostprocessing = 0;
			shellPath = /bin/sh;
			shellScript = "diff \"${PODS_PODFILE_DIR_PATH}/Podfile.lock\" \"${PODS_ROOT}/Manifest.lock\" > /dev/null\nif [ $? != 0 ] ; then\n    # print error to STDERR\n    echo \"error: The sandbox is not in sync with the Podfile.lock. Run 'pod install' or update your CocoaPods installation.\" >&2\n    exit 1\nfi\n# This output is used by Xcode 'outputs' to avoid re-running this script phase.\necho \"SUCCESS\" > \"${SCRIPT_OUTPUT_FILE_0}\"\n";
			showEnvVarsInLog = 0;
		};
		95CE00D8308C5A980A438573 /* [CP] Check Pods Manifest.lock */ = {
			isa = PBXShellScriptBuildPhase;
			buildActionMask = 2147483647;
			files = (
			);
			inputFileListPaths = (
			);
			inputPaths = (
				"${PODS_PODFILE_DIR_PATH}/Podfile.lock",
				"${PODS_ROOT}/Manifest.lock",
			);
			name = "[CP] Check Pods Manifest.lock";
			outputFileListPaths = (
			);
			outputPaths = (
				"$(DERIVED_FILE_DIR)/Pods-RickMortyAppTests-checkManifestLockResult.txt",
			);
			runOnlyForDeploymentPostprocessing = 0;
			shellPath = /bin/sh;
			shellScript = "diff \"${PODS_PODFILE_DIR_PATH}/Podfile.lock\" \"${PODS_ROOT}/Manifest.lock\" > /dev/null\nif [ $? != 0 ] ; then\n    # print error to STDERR\n    echo \"error: The sandbox is not in sync with the Podfile.lock. Run 'pod install' or update your CocoaPods installation.\" >&2\n    exit 1\nfi\n# This output is used by Xcode 'outputs' to avoid re-running this script phase.\necho \"SUCCESS\" > \"${SCRIPT_OUTPUT_FILE_0}\"\n";
			showEnvVarsInLog = 0;
		};
		C0B46FBEF2ED53798F4C1E71 /* [CP] Check Pods Manifest.lock */ = {
			isa = PBXShellScriptBuildPhase;
			buildActionMask = 2147483647;
			files = (
			);
			inputFileListPaths = (
			);
			inputPaths = (
				"${PODS_PODFILE_DIR_PATH}/Podfile.lock",
				"${PODS_ROOT}/Manifest.lock",
			);
			name = "[CP] Check Pods Manifest.lock";
			outputFileListPaths = (
			);
			outputPaths = (
				"$(DERIVED_FILE_DIR)/Pods-RickMortyApp-checkManifestLockResult.txt",
			);
			runOnlyForDeploymentPostprocessing = 0;
			shellPath = /bin/sh;
			shellScript = "diff \"${PODS_PODFILE_DIR_PATH}/Podfile.lock\" \"${PODS_ROOT}/Manifest.lock\" > /dev/null\nif [ $? != 0 ] ; then\n    # print error to STDERR\n    echo \"error: The sandbox is not in sync with the Podfile.lock. Run 'pod install' or update your CocoaPods installation.\" >&2\n    exit 1\nfi\n# This output is used by Xcode 'outputs' to avoid re-running this script phase.\necho \"SUCCESS\" > \"${SCRIPT_OUTPUT_FILE_0}\"\n";
			showEnvVarsInLog = 0;
		};
		D837E2BA77992BE173AA8132 /* [CP] Embed Pods Frameworks */ = {
			isa = PBXShellScriptBuildPhase;
			buildActionMask = 2147483647;
			files = (
			);
			inputFileListPaths = (
				"${PODS_ROOT}/Target Support Files/Pods-RickMortyApp-RickMortyAppUITests/Pods-RickMortyApp-RickMortyAppUITests-frameworks-${CONFIGURATION}-input-files.xcfilelist",
			);
			name = "[CP] Embed Pods Frameworks";
			outputFileListPaths = (
				"${PODS_ROOT}/Target Support Files/Pods-RickMortyApp-RickMortyAppUITests/Pods-RickMortyApp-RickMortyAppUITests-frameworks-${CONFIGURATION}-output-files.xcfilelist",
			);
			runOnlyForDeploymentPostprocessing = 0;
			shellPath = /bin/sh;
			shellScript = "\"${PODS_ROOT}/Target Support Files/Pods-RickMortyApp-RickMortyAppUITests/Pods-RickMortyApp-RickMortyAppUITests-frameworks.sh\"\n";
			showEnvVarsInLog = 0;
		};
/* End PBXShellScriptBuildPhase section */

/* Begin PBXSourcesBuildPhase section */
		2F13BCFA299EF84D006C3148 /* Sources */ = {
			isa = PBXSourcesBuildPhase;
			buildActionMask = 2147483647;
			files = (
				2F13BD44299F3AB6006C3148 /* CharacterViewModel.swift in Sources */,
				2F13BD37299F3092006C3148 /* CharacterController.swift in Sources */,
				2F02131A29A0F0B20084B537 /* EpisodeDetailController.swift in Sources */,
				2F13BD4F299F7CD1006C3148 /* CharacterCell.swift in Sources */,
				2F13BD58299FAC8C006C3148 /* LocationCell.swift in Sources */,
				2F13BD6A299FE0A1006C3148 /* LocationCoordinator.swift in Sources */,
				2F13BD34299F2DCC006C3148 /* Coordinator.swift in Sources */,
				2FEAEC7E29A26F1600C3FB2D /* CharacterFilterCell.swift in Sources */,
				2F13BD42299F3350006C3148 /* LocationModel.swift in Sources */,
				2F13BD5E299FC165006C3148 /* EpisodeModel.swift in Sources */,
				2F02130E29A05FBF0084B537 /* Extensions.swift in Sources */,
				2F02132129A108370084B537 /* CharacterDetailController.swift in Sources */,
				2F02132A29A12D9F0084B537 /* CharacterFilterController.swift in Sources */,
				2F13BD02299EF84D006C3148 /* AppDelegate.swift in Sources */,
				2F13BD4B299F4E6C006C3148 /* MainService.swift in Sources */,
				2F13BD40299F326B006C3148 /* CharacterModel.swift in Sources */,
				2F02132629A109CE0084B537 /* CharacterDetailCell.swift in Sources */,
				2F13BD68299FE07D006C3148 /* CharacterCoordinator.swift in Sources */,
				2F02132329A1085B0084B537 /* CharacterDetailViewModel.swift in Sources */,
				2F13BD55299FABF7006C3148 /* LocationController.swift in Sources */,
				2F02131029A067BD0084B537 /* LocationDetailController.swift in Sources */,
				2F02131229A0681C0084B537 /* LocationDetailViewModel.swift in Sources */,
				2F13BD61299FDFB8006C3148 /* EpisodeController.swift in Sources */,
				2F13BD48299F41EC006C3148 /* Service.swift in Sources */,
				2FEAEC8129A270AF00C3FB2D /* AlignedCollectionViewFlowLayout.swift in Sources */,
				2F02131729A07AD20084B537 /* LocationDetailCell.swift in Sources */,
				2F02131429A06C270084B537 /* EpisodeDetailViewModel.swift in Sources */,
				2F13BD3C299F31C3006C3148 /* BaseViewController.swift in Sources */,
				2F13BD5C299FB5BC006C3148 /* LocationViewModel.swift in Sources */,
				2F13BD65299FDFD7006C3148 /* EpisodeViewModel.swift in Sources */,
				2F02131E29A0F4930084B537 /* EpisodeCell.swift in Sources */,
				2F13BD04299EF84D006C3148 /* SceneDelegate.swift in Sources */,
				2F13BD6C299FE17B006C3148 /* EpisodeCoordinator.swift in Sources */,
			);
			runOnlyForDeploymentPostprocessing = 0;
		};
		2F13BD10299EF84E006C3148 /* Sources */ = {
			isa = PBXSourcesBuildPhase;
			buildActionMask = 2147483647;
			files = (
				2FC58C3829A39AF700BC0A9B /* CharacterViewModelTest.swift in Sources */,
				2FC58C5629A3BF6600BC0A9B /* EpisodeServiceTest.swift in Sources */,
				2FC58C3129A378C000BC0A9B /* CharacterResponseMock.swift in Sources */,
				2FC58C4929A3B89100BC0A9B /* LocationDetailViewModelTest.swift in Sources */,
				2FC58C4029A3B56800BC0A9B /* LocationServiceTest.swift in Sources */,
				2FC58C2D29A370C100BC0A9B /* MainServiceMock.swift in Sources */,
				2FC58C4729A3B87900BC0A9B /* LocationDetailViewModelMock.swift in Sources */,
				2FC58C2B29A3707F00BC0A9B /* CharacterServiceTest.swift in Sources */,
				2FC58C3A29A3AF5100BC0A9B /* CharacterDetailViewModelTest.swift in Sources */,
				2FC58C4C29A3BED800BC0A9B /* EpisodeViewModelMock.swift in Sources */,
				2FC58C4E29A3BEE900BC0A9B /* EpisodeViewModelTest.swift in Sources */,
				2FC58C3629A38D1300BC0A9B /* CharacterViewModelMock.swift in Sources */,
				2FC58C5229A3BF1300BC0A9B /* EpisodeDetailViewModelTest.swift in Sources */,
				2FC58C5429A3BF4E00BC0A9B /* EpisodeResponseMock.swift in Sources */,
				2FC58C3C29A3AF7700BC0A9B /* CharacterDetailViewModelMock.swift in Sources */,
				2FC58C5029A3BF0000BC0A9B /* EpisodeDetailViewModelMock.swift in Sources */,
				2FC58C3E29A3B4CF00BC0A9B /* LocationResponseMock.swift in Sources */,
				2FC58C4329A3B84700BC0A9B /* LocationViewModelMock.swift in Sources */,
				2FC58C4529A3B86200BC0A9B /* LocationViewModelTest.swift in Sources */,
			);
			runOnlyForDeploymentPostprocessing = 0;
		};
		2F13BD1A299EF84E006C3148 /* Sources */ = {
			isa = PBXSourcesBuildPhase;
			buildActionMask = 2147483647;
			files = (
				2F13BD25299EF84E006C3148 /* RickMortyAppUITestsLaunchTests.swift in Sources */,
				2F473B6829A4D21B00494198 /* EpisodeUITest.swift in Sources */,
				2F473B6429A436DF00494198 /* CharacterUITest.swift in Sources */,
				2F473B6629A4CA8A00494198 /* LocationUITest.swift in Sources */,
			);
			runOnlyForDeploymentPostprocessing = 0;
		};
/* End PBXSourcesBuildPhase section */

/* Begin PBXTargetDependency section */
		2F13BD16299EF84E006C3148 /* PBXTargetDependency */ = {
			isa = PBXTargetDependency;
			target = 2F13BCFD299EF84D006C3148 /* RickMortyApp */;
			targetProxy = 2F13BD15299EF84E006C3148 /* PBXContainerItemProxy */;
		};
		2F13BD20299EF84E006C3148 /* PBXTargetDependency */ = {
			isa = PBXTargetDependency;
			target = 2F13BCFD299EF84D006C3148 /* RickMortyApp */;
			targetProxy = 2F13BD1F299EF84E006C3148 /* PBXContainerItemProxy */;
		};
/* End PBXTargetDependency section */

/* Begin PBXVariantGroup section */
		2F13BD0C299EF84E006C3148 /* LaunchScreen.storyboard */ = {
			isa = PBXVariantGroup;
			children = (
				2F13BD0D299EF84E006C3148 /* Base */,
			);
			name = LaunchScreen.storyboard;
			sourceTree = "<group>";
		};
/* End PBXVariantGroup section */

/* Begin XCBuildConfiguration section */
		2F13BD26299EF84E006C3148 /* Debug */ = {
			isa = XCBuildConfiguration;
			buildSettings = {
				ALWAYS_SEARCH_USER_PATHS = NO;
				CLANG_ANALYZER_NONNULL = YES;
				CLANG_ANALYZER_NUMBER_OBJECT_CONVERSION = YES_AGGRESSIVE;
				CLANG_CXX_LANGUAGE_STANDARD = "gnu++20";
				CLANG_ENABLE_MODULES = YES;
				CLANG_ENABLE_OBJC_ARC = YES;
				CLANG_ENABLE_OBJC_WEAK = YES;
				CLANG_WARN_BLOCK_CAPTURE_AUTORELEASING = YES;
				CLANG_WARN_BOOL_CONVERSION = YES;
				CLANG_WARN_COMMA = YES;
				CLANG_WARN_CONSTANT_CONVERSION = YES;
				CLANG_WARN_DEPRECATED_OBJC_IMPLEMENTATIONS = YES;
				CLANG_WARN_DIRECT_OBJC_ISA_USAGE = YES_ERROR;
				CLANG_WARN_DOCUMENTATION_COMMENTS = YES;
				CLANG_WARN_EMPTY_BODY = YES;
				CLANG_WARN_ENUM_CONVERSION = YES;
				CLANG_WARN_INFINITE_RECURSION = YES;
				CLANG_WARN_INT_CONVERSION = YES;
				CLANG_WARN_NON_LITERAL_NULL_CONVERSION = YES;
				CLANG_WARN_OBJC_IMPLICIT_RETAIN_SELF = YES;
				CLANG_WARN_OBJC_LITERAL_CONVERSION = YES;
				CLANG_WARN_OBJC_ROOT_CLASS = YES_ERROR;
				CLANG_WARN_QUOTED_INCLUDE_IN_FRAMEWORK_HEADER = YES;
				CLANG_WARN_RANGE_LOOP_ANALYSIS = YES;
				CLANG_WARN_STRICT_PROTOTYPES = YES;
				CLANG_WARN_SUSPICIOUS_MOVE = YES;
				CLANG_WARN_UNGUARDED_AVAILABILITY = YES_AGGRESSIVE;
				CLANG_WARN_UNREACHABLE_CODE = YES;
				CLANG_WARN__DUPLICATE_METHOD_MATCH = YES;
				COPY_PHASE_STRIP = NO;
				DEBUG_INFORMATION_FORMAT = dwarf;
				ENABLE_STRICT_OBJC_MSGSEND = YES;
				ENABLE_TESTABILITY = YES;
				GCC_C_LANGUAGE_STANDARD = gnu11;
				GCC_DYNAMIC_NO_PIC = NO;
				GCC_NO_COMMON_BLOCKS = YES;
				GCC_OPTIMIZATION_LEVEL = 0;
				GCC_PREPROCESSOR_DEFINITIONS = (
					"DEBUG=1",
					"$(inherited)",
				);
				GCC_WARN_64_TO_32_BIT_CONVERSION = YES;
				GCC_WARN_ABOUT_RETURN_TYPE = YES_ERROR;
				GCC_WARN_UNDECLARED_SELECTOR = YES;
				GCC_WARN_UNINITIALIZED_AUTOS = YES_AGGRESSIVE;
				GCC_WARN_UNUSED_FUNCTION = YES;
				GCC_WARN_UNUSED_VARIABLE = YES;
				IPHONEOS_DEPLOYMENT_TARGET = 16.2;
				MTL_ENABLE_DEBUG_INFO = INCLUDE_SOURCE;
				MTL_FAST_MATH = YES;
				ONLY_ACTIVE_ARCH = YES;
				SDKROOT = iphoneos;
				SWIFT_ACTIVE_COMPILATION_CONDITIONS = DEBUG;
				SWIFT_OPTIMIZATION_LEVEL = "-Onone";
			};
			name = Debug;
		};
		2F13BD27299EF84E006C3148 /* Release */ = {
			isa = XCBuildConfiguration;
			buildSettings = {
				ALWAYS_SEARCH_USER_PATHS = NO;
				CLANG_ANALYZER_NONNULL = YES;
				CLANG_ANALYZER_NUMBER_OBJECT_CONVERSION = YES_AGGRESSIVE;
				CLANG_CXX_LANGUAGE_STANDARD = "gnu++20";
				CLANG_ENABLE_MODULES = YES;
				CLANG_ENABLE_OBJC_ARC = YES;
				CLANG_ENABLE_OBJC_WEAK = YES;
				CLANG_WARN_BLOCK_CAPTURE_AUTORELEASING = YES;
				CLANG_WARN_BOOL_CONVERSION = YES;
				CLANG_WARN_COMMA = YES;
				CLANG_WARN_CONSTANT_CONVERSION = YES;
				CLANG_WARN_DEPRECATED_OBJC_IMPLEMENTATIONS = YES;
				CLANG_WARN_DIRECT_OBJC_ISA_USAGE = YES_ERROR;
				CLANG_WARN_DOCUMENTATION_COMMENTS = YES;
				CLANG_WARN_EMPTY_BODY = YES;
				CLANG_WARN_ENUM_CONVERSION = YES;
				CLANG_WARN_INFINITE_RECURSION = YES;
				CLANG_WARN_INT_CONVERSION = YES;
				CLANG_WARN_NON_LITERAL_NULL_CONVERSION = YES;
				CLANG_WARN_OBJC_IMPLICIT_RETAIN_SELF = YES;
				CLANG_WARN_OBJC_LITERAL_CONVERSION = YES;
				CLANG_WARN_OBJC_ROOT_CLASS = YES_ERROR;
				CLANG_WARN_QUOTED_INCLUDE_IN_FRAMEWORK_HEADER = YES;
				CLANG_WARN_RANGE_LOOP_ANALYSIS = YES;
				CLANG_WARN_STRICT_PROTOTYPES = YES;
				CLANG_WARN_SUSPICIOUS_MOVE = YES;
				CLANG_WARN_UNGUARDED_AVAILABILITY = YES_AGGRESSIVE;
				CLANG_WARN_UNREACHABLE_CODE = YES;
				CLANG_WARN__DUPLICATE_METHOD_MATCH = YES;
				COPY_PHASE_STRIP = NO;
				DEBUG_INFORMATION_FORMAT = "dwarf-with-dsym";
				ENABLE_NS_ASSERTIONS = NO;
				ENABLE_STRICT_OBJC_MSGSEND = YES;
				GCC_C_LANGUAGE_STANDARD = gnu11;
				GCC_NO_COMMON_BLOCKS = YES;
				GCC_WARN_64_TO_32_BIT_CONVERSION = YES;
				GCC_WARN_ABOUT_RETURN_TYPE = YES_ERROR;
				GCC_WARN_UNDECLARED_SELECTOR = YES;
				GCC_WARN_UNINITIALIZED_AUTOS = YES_AGGRESSIVE;
				GCC_WARN_UNUSED_FUNCTION = YES;
				GCC_WARN_UNUSED_VARIABLE = YES;
				IPHONEOS_DEPLOYMENT_TARGET = 16.2;
				MTL_ENABLE_DEBUG_INFO = NO;
				MTL_FAST_MATH = YES;
				SDKROOT = iphoneos;
				SWIFT_COMPILATION_MODE = wholemodule;
				SWIFT_OPTIMIZATION_LEVEL = "-O";
				VALIDATE_PRODUCT = YES;
			};
			name = Release;
		};
		2F13BD29299EF84E006C3148 /* Debug */ = {
			isa = XCBuildConfiguration;
			baseConfigurationReference = A18C21BE8ED75D0773812671 /* Pods-RickMortyApp.debug.xcconfig */;
			buildSettings = {
				ASSETCATALOG_COMPILER_APPICON_NAME = AppIcon;
				ASSETCATALOG_COMPILER_GLOBAL_ACCENT_COLOR_NAME = AccentColor;
				CODE_SIGN_STYLE = Automatic;
				CURRENT_PROJECT_VERSION = 1;
				DEVELOPMENT_TEAM = DPMJC33NF6;
				GENERATE_INFOPLIST_FILE = YES;
				INFOPLIST_FILE = RickMortyApp/Info.plist;
				INFOPLIST_KEY_UIApplicationSupportsIndirectInputEvents = YES;
				INFOPLIST_KEY_UILaunchStoryboardName = LaunchScreen;
				INFOPLIST_KEY_UISupportedInterfaceOrientations_iPad = "UIInterfaceOrientationPortrait UIInterfaceOrientationPortraitUpsideDown UIInterfaceOrientationLandscapeLeft UIInterfaceOrientationLandscapeRight";
				INFOPLIST_KEY_UISupportedInterfaceOrientations_iPhone = "UIInterfaceOrientationPortrait UIInterfaceOrientationLandscapeLeft UIInterfaceOrientationLandscapeRight";
				LD_RUNPATH_SEARCH_PATHS = (
					"$(inherited)",
					"@executable_path/Frameworks",
				);
				MARKETING_VERSION = 1.0;
				PRODUCT_BUNDLE_IDENTIFIER = com.getgo.RickMortyApp;
				PRODUCT_NAME = "$(TARGET_NAME)";
				SWIFT_EMIT_LOC_STRINGS = YES;
				SWIFT_VERSION = 5.0;
				TARGETED_DEVICE_FAMILY = "1,2";
			};
			name = Debug;
		};
		2F13BD2A299EF84E006C3148 /* Release */ = {
			isa = XCBuildConfiguration;
			baseConfigurationReference = D2AF0C06745DD2D225AF6144 /* Pods-RickMortyApp.release.xcconfig */;
			buildSettings = {
				ASSETCATALOG_COMPILER_APPICON_NAME = AppIcon;
				ASSETCATALOG_COMPILER_GLOBAL_ACCENT_COLOR_NAME = AccentColor;
				CODE_SIGN_STYLE = Automatic;
				CURRENT_PROJECT_VERSION = 1;
				DEVELOPMENT_TEAM = DPMJC33NF6;
				GENERATE_INFOPLIST_FILE = YES;
				INFOPLIST_FILE = RickMortyApp/Info.plist;
				INFOPLIST_KEY_UIApplicationSupportsIndirectInputEvents = YES;
				INFOPLIST_KEY_UILaunchStoryboardName = LaunchScreen;
				INFOPLIST_KEY_UISupportedInterfaceOrientations_iPad = "UIInterfaceOrientationPortrait UIInterfaceOrientationPortraitUpsideDown UIInterfaceOrientationLandscapeLeft UIInterfaceOrientationLandscapeRight";
				INFOPLIST_KEY_UISupportedInterfaceOrientations_iPhone = "UIInterfaceOrientationPortrait UIInterfaceOrientationLandscapeLeft UIInterfaceOrientationLandscapeRight";
				LD_RUNPATH_SEARCH_PATHS = (
					"$(inherited)",
					"@executable_path/Frameworks",
				);
				MARKETING_VERSION = 1.0;
				PRODUCT_BUNDLE_IDENTIFIER = com.getgo.RickMortyApp;
				PRODUCT_NAME = "$(TARGET_NAME)";
				SWIFT_EMIT_LOC_STRINGS = YES;
				SWIFT_VERSION = 5.0;
				TARGETED_DEVICE_FAMILY = "1,2";
			};
			name = Release;
		};
		2F13BD2C299EF84E006C3148 /* Debug */ = {
			isa = XCBuildConfiguration;
			baseConfigurationReference = 9DAA7F3C37A21AD086E56FF1 /* Pods-RickMortyAppTests.debug.xcconfig */;
			buildSettings = {
				ALWAYS_EMBED_SWIFT_STANDARD_LIBRARIES = YES;
				BUNDLE_LOADER = "$(TEST_HOST)";
				CODE_SIGN_STYLE = Automatic;
				CURRENT_PROJECT_VERSION = 1;
				DEVELOPMENT_TEAM = DPMJC33NF6;
				GENERATE_INFOPLIST_FILE = YES;
				IPHONEOS_DEPLOYMENT_TARGET = 16.2;
				MARKETING_VERSION = 1.0;
				PRODUCT_BUNDLE_IDENTIFIER = com.getgo.RickMortyAppTests;
				PRODUCT_NAME = "$(TARGET_NAME)";
				SWIFT_EMIT_LOC_STRINGS = NO;
				SWIFT_VERSION = 5.0;
				TARGETED_DEVICE_FAMILY = "1,2";
				TEST_HOST = "$(BUILT_PRODUCTS_DIR)/RickMortyApp.app/$(BUNDLE_EXECUTABLE_FOLDER_PATH)/RickMortyApp";
			};
			name = Debug;
		};
		2F13BD2D299EF84E006C3148 /* Release */ = {
			isa = XCBuildConfiguration;
			baseConfigurationReference = 1A5F5F3A93F6C8D70F82F1C6 /* Pods-RickMortyAppTests.release.xcconfig */;
			buildSettings = {
				ALWAYS_EMBED_SWIFT_STANDARD_LIBRARIES = YES;
				BUNDLE_LOADER = "$(TEST_HOST)";
				CODE_SIGN_STYLE = Automatic;
				CURRENT_PROJECT_VERSION = 1;
				DEVELOPMENT_TEAM = DPMJC33NF6;
				GENERATE_INFOPLIST_FILE = YES;
				IPHONEOS_DEPLOYMENT_TARGET = 16.2;
				MARKETING_VERSION = 1.0;
				PRODUCT_BUNDLE_IDENTIFIER = com.getgo.RickMortyAppTests;
				PRODUCT_NAME = "$(TARGET_NAME)";
				SWIFT_EMIT_LOC_STRINGS = NO;
				SWIFT_VERSION = 5.0;
				TARGETED_DEVICE_FAMILY = "1,2";
				TEST_HOST = "$(BUILT_PRODUCTS_DIR)/RickMortyApp.app/$(BUNDLE_EXECUTABLE_FOLDER_PATH)/RickMortyApp";
			};
			name = Release;
		};
		2F13BD2F299EF84E006C3148 /* Debug */ = {
			isa = XCBuildConfiguration;
			baseConfigurationReference = 052067562075C786212D3689 /* Pods-RickMortyApp-RickMortyAppUITests.debug.xcconfig */;
			buildSettings = {
				ALWAYS_EMBED_SWIFT_STANDARD_LIBRARIES = YES;
				CODE_SIGN_STYLE = Automatic;
				CURRENT_PROJECT_VERSION = 1;
				DEVELOPMENT_TEAM = DPMJC33NF6;
				GENERATE_INFOPLIST_FILE = YES;
				MARKETING_VERSION = 1.0;
				PRODUCT_BUNDLE_IDENTIFIER = com.getgo.RickMortyAppUITests;
				PRODUCT_NAME = "$(TARGET_NAME)";
				SWIFT_EMIT_LOC_STRINGS = NO;
				SWIFT_VERSION = 5.0;
				TARGETED_DEVICE_FAMILY = "1,2";
				TEST_TARGET_NAME = RickMortyApp;
			};
			name = Debug;
		};
		2F13BD30299EF84E006C3148 /* Release */ = {
			isa = XCBuildConfiguration;
			baseConfigurationReference = 06F5270AABD9E8877A1998D5 /* Pods-RickMortyApp-RickMortyAppUITests.release.xcconfig */;
			buildSettings = {
				ALWAYS_EMBED_SWIFT_STANDARD_LIBRARIES = YES;
				CODE_SIGN_STYLE = Automatic;
				CURRENT_PROJECT_VERSION = 1;
				DEVELOPMENT_TEAM = DPMJC33NF6;
				GENERATE_INFOPLIST_FILE = YES;
				MARKETING_VERSION = 1.0;
				PRODUCT_BUNDLE_IDENTIFIER = com.getgo.RickMortyAppUITests;
				PRODUCT_NAME = "$(TARGET_NAME)";
				SWIFT_EMIT_LOC_STRINGS = NO;
				SWIFT_VERSION = 5.0;
				TARGETED_DEVICE_FAMILY = "1,2";
				TEST_TARGET_NAME = RickMortyApp;
			};
			name = Release;
		};
/* End XCBuildConfiguration section */

/* Begin XCConfigurationList section */
		2F13BCF9299EF84D006C3148 /* Build configuration list for PBXProject "RickMortyApp" */ = {
			isa = XCConfigurationList;
			buildConfigurations = (
				2F13BD26299EF84E006C3148 /* Debug */,
				2F13BD27299EF84E006C3148 /* Release */,
			);
			defaultConfigurationIsVisible = 0;
			defaultConfigurationName = Release;
		};
		2F13BD28299EF84E006C3148 /* Build configuration list for PBXNativeTarget "RickMortyApp" */ = {
			isa = XCConfigurationList;
			buildConfigurations = (
				2F13BD29299EF84E006C3148 /* Debug */,
				2F13BD2A299EF84E006C3148 /* Release */,
			);
			defaultConfigurationIsVisible = 0;
			defaultConfigurationName = Release;
		};
		2F13BD2B299EF84E006C3148 /* Build configuration list for PBXNativeTarget "RickMortyAppTests" */ = {
			isa = XCConfigurationList;
			buildConfigurations = (
				2F13BD2C299EF84E006C3148 /* Debug */,
				2F13BD2D299EF84E006C3148 /* Release */,
			);
			defaultConfigurationIsVisible = 0;
			defaultConfigurationName = Release;
		};
		2F13BD2E299EF84E006C3148 /* Build configuration list for PBXNativeTarget "RickMortyAppUITests" */ = {
			isa = XCConfigurationList;
			buildConfigurations = (
				2F13BD2F299EF84E006C3148 /* Debug */,
				2F13BD30299EF84E006C3148 /* Release */,
			);
			defaultConfigurationIsVisible = 0;
			defaultConfigurationName = Release;
		};
/* End XCConfigurationList section */
	};
	rootObject = 2F13BCF6299EF84D006C3148 /* Project object */;
}
